// !$*UTF8*$!
{
	archiveVersion = 1;
	classes = {
	};
	objectVersion = 48;
	objects = {

/* Begin PBXBuildFile section */
		43154DE7213249B5002F56C2 /* TTNewsSDK.h in Headers */ = {isa = PBXBuildFile; fileRef = 43154DE5213249B5002F56C2 /* TTNewsSDK.h */; settings = {ATTRIBUTES = (Public, ); }; };
		43154E0F21324B76002F56C2 /* AppDelegate.m in Sources */ = {isa = PBXBuildFile; fileRef = 43154E0E21324B76002F56C2 /* AppDelegate.m */; };
		43154E1221324B76002F56C2 /* ViewController.m in Sources */ = {isa = PBXBuildFile; fileRef = 43154E1121324B76002F56C2 /* ViewController.m */; };
		43154E1521324B76002F56C2 /* Main.storyboard in Resources */ = {isa = PBXBuildFile; fileRef = 43154E1321324B76002F56C2 /* Main.storyboard */; };
		43154E1721324B76002F56C2 /* Assets.xcassets in Resources */ = {isa = PBXBuildFile; fileRef = 43154E1621324B76002F56C2 /* Assets.xcassets */; };
		43154E1A21324B76002F56C2 /* LaunchScreen.storyboard in Resources */ = {isa = PBXBuildFile; fileRef = 43154E1821324B76002F56C2 /* LaunchScreen.storyboard */; };
		43154E1D21324B76002F56C2 /* main.m in Sources */ = {isa = PBXBuildFile; fileRef = 43154E1C21324B76002F56C2 /* main.m */; };
		43154E4021324DDC002F56C2 /* TTNewsSDK.framework in Frameworks */ = {isa = PBXBuildFile; fileRef = 43154DE2213249B5002F56C2 /* TTNewsSDK.framework */; };
		435CC8412133A69B00EA0D3B /* NSString+Extension.h in Headers */ = {isa = PBXBuildFile; fileRef = 435CC83F2133A69B00EA0D3B /* NSString+Extension.h */; };
		435CC8422133A69B00EA0D3B /* NSString+Extension.m in Sources */ = {isa = PBXBuildFile; fileRef = 435CC8402133A69B00EA0D3B /* NSString+Extension.m */; };
		435CC8452133AA1400EA0D3B /* TTChannelView.h in Headers */ = {isa = PBXBuildFile; fileRef = 435CC8432133AA1400EA0D3B /* TTChannelView.h */; };
		435CC8462133AA1400EA0D3B /* TTChannelView.m in Sources */ = {isa = PBXBuildFile; fileRef = 435CC8442133AA1400EA0D3B /* TTChannelView.m */; };
		4375ED4E2133CBDC00B21D34 /* TTChannelViewModel.h in Headers */ = {isa = PBXBuildFile; fileRef = 4375ED4C2133CBDC00B21D34 /* TTChannelViewModel.h */; };
		4375ED4F2133CBDC00B21D34 /* TTChannelViewModel.m in Sources */ = {isa = PBXBuildFile; fileRef = 4375ED4D2133CBDC00B21D34 /* TTChannelViewModel.m */; };
		4375ED522133D7E500B21D34 /* TTNewsListCell.h in Headers */ = {isa = PBXBuildFile; fileRef = 4375ED502133D7E500B21D34 /* TTNewsListCell.h */; };
		4375ED532133D7E500B21D34 /* TTNewsListCell.m in Sources */ = {isa = PBXBuildFile; fileRef = 4375ED512133D7E500B21D34 /* TTNewsListCell.m */; };
		4375ED5A2133E6FC00B21D34 /* TTPageContentView.h in Headers */ = {isa = PBXBuildFile; fileRef = 4375ED582133E6FC00B21D34 /* TTPageContentView.h */; };
		4375ED5B2133E6FC00B21D34 /* TTPageContentView.m in Sources */ = {isa = PBXBuildFile; fileRef = 4375ED592133E6FC00B21D34 /* TTPageContentView.m */; };
		4375ED5E2134F3A400B21D34 /* TTNewsBaseCell.h in Headers */ = {isa = PBXBuildFile; fileRef = 4375ED5C2134F3A400B21D34 /* TTNewsBaseCell.h */; };
		4375ED5F2134F3A400B21D34 /* TTNewsBaseCell.m in Sources */ = {isa = PBXBuildFile; fileRef = 4375ED5D2134F3A400B21D34 /* TTNewsBaseCell.m */; };
		4375ED622134F53E00B21D34 /* TTTopic.h in Headers */ = {isa = PBXBuildFile; fileRef = 4375ED602134F53E00B21D34 /* TTTopic.h */; };
		4375ED632134F53E00B21D34 /* TTTopic.m in Sources */ = {isa = PBXBuildFile; fileRef = 4375ED612134F53E00B21D34 /* TTTopic.m */; };
		4375ED662134FB3D00B21D34 /* TTNewsListViewModel.h in Headers */ = {isa = PBXBuildFile; fileRef = 4375ED642134FB3D00B21D34 /* TTNewsListViewModel.h */; };
		4375ED672134FB3D00B21D34 /* TTNewsListViewModel.m in Sources */ = {isa = PBXBuildFile; fileRef = 4375ED652134FB3D00B21D34 /* TTNewsListViewModel.m */; };
		43B94BEB2133BF3500C1B98E /* TTChannelViewCell.h in Headers */ = {isa = PBXBuildFile; fileRef = 43B94BE92133BF3500C1B98E /* TTChannelViewCell.h */; };
		43B94BEC2133BF3500C1B98E /* TTChannelViewCell.m in Sources */ = {isa = PBXBuildFile; fileRef = 43B94BEA2133BF3500C1B98E /* TTChannelViewCell.m */; };
		43BCADA4213396F400285AEC /* TTParseParameters.h in Headers */ = {isa = PBXBuildFile; fileRef = 43BCAD88213396F400285AEC /* TTParseParameters.h */; };
		43BCADA5213396F400285AEC /* TTNetManager.h in Headers */ = {isa = PBXBuildFile; fileRef = 43BCAD89213396F400285AEC /* TTNetManager.h */; };
		43BCADA6213396F400285AEC /* TTNetManager.m in Sources */ = {isa = PBXBuildFile; fileRef = 43BCAD8A213396F400285AEC /* TTNetManager.m */; };
		43BCADA7213396F400285AEC /* TTParseParameters.m in Sources */ = {isa = PBXBuildFile; fileRef = 43BCAD8B213396F400285AEC /* TTParseParameters.m */; };
		43BCADA8213396F400285AEC /* TTNetParameterHeader.h in Headers */ = {isa = PBXBuildFile; fileRef = 43BCAD8E213396F400285AEC /* TTNetParameterHeader.h */; };
		43BCADA9213396F400285AEC /* UIColor+Hex.m in Sources */ = {isa = PBXBuildFile; fileRef = 43BCAD90213396F400285AEC /* UIColor+Hex.m */; };
		43BCADAA213396F400285AEC /* UIView+Extension.h in Headers */ = {isa = PBXBuildFile; fileRef = 43BCAD91213396F400285AEC /* UIView+Extension.h */; };
		43BCADAB213396F400285AEC /* UIColor+Hex.h in Headers */ = {isa = PBXBuildFile; fileRef = 43BCAD92213396F400285AEC /* UIColor+Hex.h */; };
		43BCADAC213396F400285AEC /* UIView+Extension.m in Sources */ = {isa = PBXBuildFile; fileRef = 43BCAD93213396F400285AEC /* UIView+Extension.m */; };
		43BCADAD213396F400285AEC /* TTCategory.m in Sources */ = {isa = PBXBuildFile; fileRef = 43BCAD9B213396F400285AEC /* TTCategory.m */; };
		43BCADAE213396F400285AEC /* TTCategory.h in Headers */ = {isa = PBXBuildFile; fileRef = 43BCAD9C213396F400285AEC /* TTCategory.h */; };
		43BCADAF213396F400285AEC /* TTNewsViewController.h in Headers */ = {isa = PBXBuildFile; fileRef = 43BCADA0213396F400285AEC /* TTNewsViewController.h */; settings = {ATTRIBUTES = (Public, ); }; };
		43BCADB0213396F400285AEC /* TTNewsViewController.m in Sources */ = {isa = PBXBuildFile; fileRef = 43BCADA1213396F400285AEC /* TTNewsViewController.m */; };
		43BCADBA2133990A00285AEC /* TTDatabaseManager.h in Headers */ = {isa = PBXBuildFile; fileRef = 43BCADB82133990A00285AEC /* TTDatabaseManager.h */; };
		43BCADBB2133990A00285AEC /* TTDatabaseManager.m in Sources */ = {isa = PBXBuildFile; fileRef = 43BCADB92133990A00285AEC /* TTDatabaseManager.m */; };
		5C7446EA242A5647B12E0329 /* Pods_NewsDemo.framework in Frameworks */ = {isa = PBXBuildFile; fileRef = 7DD4A3D562C11A3AB59429CC /* Pods_NewsDemo.framework */; };
		D71A3988A80D745FAFCBF1CB /* Pods_TTNewsSDK.framework in Frameworks */ = {isa = PBXBuildFile; fileRef = 519C45F8ECCC527D93579558 /* Pods_TTNewsSDK.framework */; };
/* End PBXBuildFile section */

/* Begin PBXContainerItemProxy section */
		43154E3B21324D94002F56C2 /* PBXContainerItemProxy */ = {
			isa = PBXContainerItemProxy;
			containerPortal = 43154DD9213249B5002F56C2 /* Project object */;
			proxyType = 1;
			remoteGlobalIDString = 43154DE1213249B5002F56C2;
			remoteInfo = TTNewsSDK;
		};
/* End PBXContainerItemProxy section */

/* Begin PBXFileReference section */
		24128622EA40F40C054ACA5D /* Pods-NewsDemo.release.xcconfig */ = {isa = PBXFileReference; includeInIndex = 1; lastKnownFileType = text.xcconfig; name = "Pods-NewsDemo.release.xcconfig"; path = "Pods/Target Support Files/Pods-NewsDemo/Pods-NewsDemo.release.xcconfig"; sourceTree = "<group>"; };
		43154DE2213249B5002F56C2 /* TTNewsSDK.framework */ = {isa = PBXFileReference; explicitFileType = wrapper.framework; includeInIndex = 0; path = TTNewsSDK.framework; sourceTree = BUILT_PRODUCTS_DIR; };
		43154DE5213249B5002F56C2 /* TTNewsSDK.h */ = {isa = PBXFileReference; lastKnownFileType = sourcecode.c.h; path = TTNewsSDK.h; sourceTree = "<group>"; };
		43154DE6213249B5002F56C2 /* Info.plist */ = {isa = PBXFileReference; lastKnownFileType = text.plist.xml; path = Info.plist; sourceTree = "<group>"; };
		43154E0B21324B76002F56C2 /* NewsDemo.app */ = {isa = PBXFileReference; explicitFileType = wrapper.application; includeInIndex = 0; path = NewsDemo.app; sourceTree = BUILT_PRODUCTS_DIR; };
		43154E0D21324B76002F56C2 /* AppDelegate.h */ = {isa = PBXFileReference; lastKnownFileType = sourcecode.c.h; path = AppDelegate.h; sourceTree = "<group>"; };
		43154E0E21324B76002F56C2 /* AppDelegate.m */ = {isa = PBXFileReference; lastKnownFileType = sourcecode.c.objc; path = AppDelegate.m; sourceTree = "<group>"; };
		43154E1021324B76002F56C2 /* ViewController.h */ = {isa = PBXFileReference; lastKnownFileType = sourcecode.c.h; path = ViewController.h; sourceTree = "<group>"; };
		43154E1121324B76002F56C2 /* ViewController.m */ = {isa = PBXFileReference; lastKnownFileType = sourcecode.c.objc; path = ViewController.m; sourceTree = "<group>"; };
		43154E1421324B76002F56C2 /* Base */ = {isa = PBXFileReference; lastKnownFileType = file.storyboard; name = Base; path = Base.lproj/Main.storyboard; sourceTree = "<group>"; };
		43154E1621324B76002F56C2 /* Assets.xcassets */ = {isa = PBXFileReference; lastKnownFileType = folder.assetcatalog; path = Assets.xcassets; sourceTree = "<group>"; };
		43154E1921324B76002F56C2 /* Base */ = {isa = PBXFileReference; lastKnownFileType = file.storyboard; name = Base; path = Base.lproj/LaunchScreen.storyboard; sourceTree = "<group>"; };
		43154E1B21324B76002F56C2 /* Info.plist */ = {isa = PBXFileReference; lastKnownFileType = text.plist.xml; path = Info.plist; sourceTree = "<group>"; };
		43154E1C21324B76002F56C2 /* main.m */ = {isa = PBXFileReference; lastKnownFileType = sourcecode.c.objc; path = main.m; sourceTree = "<group>"; };
		435CC83F2133A69B00EA0D3B /* NSString+Extension.h */ = {isa = PBXFileReference; lastKnownFileType = sourcecode.c.h; path = "NSString+Extension.h"; sourceTree = "<group>"; };
		435CC8402133A69B00EA0D3B /* NSString+Extension.m */ = {isa = PBXFileReference; lastKnownFileType = sourcecode.c.objc; path = "NSString+Extension.m"; sourceTree = "<group>"; };
		435CC8432133AA1400EA0D3B /* TTChannelView.h */ = {isa = PBXFileReference; lastKnownFileType = sourcecode.c.h; path = TTChannelView.h; sourceTree = "<group>"; };
		435CC8442133AA1400EA0D3B /* TTChannelView.m */ = {isa = PBXFileReference; lastKnownFileType = sourcecode.c.objc; path = TTChannelView.m; sourceTree = "<group>"; };
		435CC8482133AC0700EA0D3B /* TTCommonDefines.h */ = {isa = PBXFileReference; lastKnownFileType = sourcecode.c.h; path = TTCommonDefines.h; sourceTree = "<group>"; };
		4375ED4C2133CBDC00B21D34 /* TTChannelViewModel.h */ = {isa = PBXFileReference; lastKnownFileType = sourcecode.c.h; path = TTChannelViewModel.h; sourceTree = "<group>"; };
		4375ED4D2133CBDC00B21D34 /* TTChannelViewModel.m */ = {isa = PBXFileReference; lastKnownFileType = sourcecode.c.objc; path = TTChannelViewModel.m; sourceTree = "<group>"; };
		4375ED502133D7E500B21D34 /* TTNewsListCell.h */ = {isa = PBXFileReference; lastKnownFileType = sourcecode.c.h; path = TTNewsListCell.h; sourceTree = "<group>"; };
		4375ED512133D7E500B21D34 /* TTNewsListCell.m */ = {isa = PBXFileReference; lastKnownFileType = sourcecode.c.objc; path = TTNewsListCell.m; sourceTree = "<group>"; };
		4375ED582133E6FC00B21D34 /* TTPageContentView.h */ = {isa = PBXFileReference; lastKnownFileType = sourcecode.c.h; path = TTPageContentView.h; sourceTree = "<group>"; };
		4375ED592133E6FC00B21D34 /* TTPageContentView.m */ = {isa = PBXFileReference; lastKnownFileType = sourcecode.c.objc; path = TTPageContentView.m; sourceTree = "<group>"; };
		4375ED5C2134F3A400B21D34 /* TTNewsBaseCell.h */ = {isa = PBXFileReference; lastKnownFileType = sourcecode.c.h; path = TTNewsBaseCell.h; sourceTree = "<group>"; };
		4375ED5D2134F3A400B21D34 /* TTNewsBaseCell.m */ = {isa = PBXFileReference; lastKnownFileType = sourcecode.c.objc; path = TTNewsBaseCell.m; sourceTree = "<group>"; };
		4375ED602134F53E00B21D34 /* TTTopic.h */ = {isa = PBXFileReference; lastKnownFileType = sourcecode.c.h; path = TTTopic.h; sourceTree = "<group>"; };
		4375ED612134F53E00B21D34 /* TTTopic.m */ = {isa = PBXFileReference; lastKnownFileType = sourcecode.c.objc; path = TTTopic.m; sourceTree = "<group>"; };
		4375ED642134FB3D00B21D34 /* TTNewsListViewModel.h */ = {isa = PBXFileReference; lastKnownFileType = sourcecode.c.h; path = TTNewsListViewModel.h; sourceTree = "<group>"; };
		4375ED652134FB3D00B21D34 /* TTNewsListViewModel.m */ = {isa = PBXFileReference; lastKnownFileType = sourcecode.c.objc; path = TTNewsListViewModel.m; sourceTree = "<group>"; };
		43B94BE92133BF3500C1B98E /* TTChannelViewCell.h */ = {isa = PBXFileReference; lastKnownFileType = sourcecode.c.h; path = TTChannelViewCell.h; sourceTree = "<group>"; };
		43B94BEA2133BF3500C1B98E /* TTChannelViewCell.m */ = {isa = PBXFileReference; lastKnownFileType = sourcecode.c.objc; path = TTChannelViewCell.m; sourceTree = "<group>"; };
		43BCAD88213396F400285AEC /* TTParseParameters.h */ = {isa = PBXFileReference; fileEncoding = 4; lastKnownFileType = sourcecode.c.h; path = TTParseParameters.h; sourceTree = "<group>"; };
		43BCAD89213396F400285AEC /* TTNetManager.h */ = {isa = PBXFileReference; fileEncoding = 4; lastKnownFileType = sourcecode.c.h; path = TTNetManager.h; sourceTree = "<group>"; };
		43BCAD8A213396F400285AEC /* TTNetManager.m */ = {isa = PBXFileReference; fileEncoding = 4; lastKnownFileType = sourcecode.c.objc; path = TTNetManager.m; sourceTree = "<group>"; };
		43BCAD8B213396F400285AEC /* TTParseParameters.m */ = {isa = PBXFileReference; fileEncoding = 4; lastKnownFileType = sourcecode.c.objc; path = TTParseParameters.m; sourceTree = "<group>"; };
		43BCAD8E213396F400285AEC /* TTNetParameterHeader.h */ = {isa = PBXFileReference; fileEncoding = 4; lastKnownFileType = sourcecode.c.h; path = TTNetParameterHeader.h; sourceTree = "<group>"; };
		43BCAD90213396F400285AEC /* UIColor+Hex.m */ = {isa = PBXFileReference; fileEncoding = 4; lastKnownFileType = sourcecode.c.objc; path = "UIColor+Hex.m"; sourceTree = "<group>"; };
		43BCAD91213396F400285AEC /* UIView+Extension.h */ = {isa = PBXFileReference; fileEncoding = 4; lastKnownFileType = sourcecode.c.h; path = "UIView+Extension.h"; sourceTree = "<group>"; };
		43BCAD92213396F400285AEC /* UIColor+Hex.h */ = {isa = PBXFileReference; fileEncoding = 4; lastKnownFileType = sourcecode.c.h; path = "UIColor+Hex.h"; sourceTree = "<group>"; };
		43BCAD93213396F400285AEC /* UIView+Extension.m */ = {isa = PBXFileReference; fileEncoding = 4; lastKnownFileType = sourcecode.c.objc; path = "UIView+Extension.m"; sourceTree = "<group>"; };
		43BCAD9B213396F400285AEC /* TTCategory.m */ = {isa = PBXFileReference; fileEncoding = 4; lastKnownFileType = sourcecode.c.objc; path = TTCategory.m; sourceTree = "<group>"; };
		43BCAD9C213396F400285AEC /* TTCategory.h */ = {isa = PBXFileReference; fileEncoding = 4; lastKnownFileType = sourcecode.c.h; path = TTCategory.h; sourceTree = "<group>"; };
		43BCADA0213396F400285AEC /* TTNewsViewController.h */ = {isa = PBXFileReference; fileEncoding = 4; lastKnownFileType = sourcecode.c.h; path = TTNewsViewController.h; sourceTree = "<group>"; };
		43BCADA1213396F400285AEC /* TTNewsViewController.m */ = {isa = PBXFileReference; fileEncoding = 4; lastKnownFileType = sourcecode.c.objc; path = TTNewsViewController.m; sourceTree = "<group>"; };
		43BCADB82133990A00285AEC /* TTDatabaseManager.h */ = {isa = PBXFileReference; lastKnownFileType = sourcecode.c.h; path = TTDatabaseManager.h; sourceTree = "<group>"; };
		43BCADB92133990A00285AEC /* TTDatabaseManager.m */ = {isa = PBXFileReference; lastKnownFileType = sourcecode.c.objc; path = TTDatabaseManager.m; sourceTree = "<group>"; };
		43FC5CD1213269E400709C20 /* TTNewsSDKPrefixHeader.pch */ = {isa = PBXFileReference; lastKnownFileType = sourcecode.c.h; path = TTNewsSDKPrefixHeader.pch; sourceTree = "<group>"; };
		43FC5CF42132A26F00709C20 /* GYDataCenter.framework */ = {isa = PBXFileReference; explicitFileType = wrapper.framework; path = GYDataCenter.framework; sourceTree = BUILT_PRODUCTS_DIR; };
		519C45F8ECCC527D93579558 /* Pods_TTNewsSDK.framework */ = {isa = PBXFileReference; explicitFileType = wrapper.framework; includeInIndex = 0; path = Pods_TTNewsSDK.framework; sourceTree = BUILT_PRODUCTS_DIR; };
		71BAB358B1A533F08DFE05C6 /* Pods-TTNewsSDK.release.xcconfig */ = {isa = PBXFileReference; includeInIndex = 1; lastKnownFileType = text.xcconfig; name = "Pods-TTNewsSDK.release.xcconfig"; path = "Pods/Target Support Files/Pods-TTNewsSDK/Pods-TTNewsSDK.release.xcconfig"; sourceTree = "<group>"; };
		796120DED0F5D36CD78AC9F7 /* Pods-NewsDemo.debug.xcconfig */ = {isa = PBXFileReference; includeInIndex = 1; lastKnownFileType = text.xcconfig; name = "Pods-NewsDemo.debug.xcconfig"; path = "Pods/Target Support Files/Pods-NewsDemo/Pods-NewsDemo.debug.xcconfig"; sourceTree = "<group>"; };
		7DD4A3D562C11A3AB59429CC /* Pods_NewsDemo.framework */ = {isa = PBXFileReference; explicitFileType = wrapper.framework; includeInIndex = 0; path = Pods_NewsDemo.framework; sourceTree = BUILT_PRODUCTS_DIR; };
		F96351C33600CEF706589CBB /* Pods-TTNewsSDK.debug.xcconfig */ = {isa = PBXFileReference; includeInIndex = 1; lastKnownFileType = text.xcconfig; name = "Pods-TTNewsSDK.debug.xcconfig"; path = "Pods/Target Support Files/Pods-TTNewsSDK/Pods-TTNewsSDK.debug.xcconfig"; sourceTree = "<group>"; };
/* End PBXFileReference section */

/* Begin PBXFrameworksBuildPhase section */
		43154DDE213249B5002F56C2 /* Frameworks */ = {
			isa = PBXFrameworksBuildPhase;
			buildActionMask = 2147483647;
			files = (
				D71A3988A80D745FAFCBF1CB /* Pods_TTNewsSDK.framework in Frameworks */,
			);
			runOnlyForDeploymentPostprocessing = 0;
		};
		43154E0821324B76002F56C2 /* Frameworks */ = {
			isa = PBXFrameworksBuildPhase;
			buildActionMask = 2147483647;
			files = (
				43154E4021324DDC002F56C2 /* TTNewsSDK.framework in Frameworks */,
				5C7446EA242A5647B12E0329 /* Pods_NewsDemo.framework in Frameworks */,
			);
			runOnlyForDeploymentPostprocessing = 0;
		};
/* End PBXFrameworksBuildPhase section */

/* Begin PBXGroup section */
		11C91D42EDECE4668CC584CE /* Pods */ = {
			isa = PBXGroup;
			children = (
				796120DED0F5D36CD78AC9F7 /* Pods-NewsDemo.debug.xcconfig */,
				24128622EA40F40C054ACA5D /* Pods-NewsDemo.release.xcconfig */,
				F96351C33600CEF706589CBB /* Pods-TTNewsSDK.debug.xcconfig */,
				71BAB358B1A533F08DFE05C6 /* Pods-TTNewsSDK.release.xcconfig */,
			);
			name = Pods;
			sourceTree = "<group>";
		};
		43154DD8213249B5002F56C2 = {
			isa = PBXGroup;
			children = (
				43154E0C21324B76002F56C2 /* NewsDemo */,
				43154DE4213249B5002F56C2 /* TTNewsSDK */,
				43154DE3213249B5002F56C2 /* Products */,
				43154E3E21324DB3002F56C2 /* Frameworks */,
				11C91D42EDECE4668CC584CE /* Pods */,
			);
			sourceTree = "<group>";
		};
		43154DE3213249B5002F56C2 /* Products */ = {
			isa = PBXGroup;
			children = (
				43154DE2213249B5002F56C2 /* TTNewsSDK.framework */,
				43154E0B21324B76002F56C2 /* NewsDemo.app */,
			);
			name = Products;
			sourceTree = "<group>";
		};
		43154DE4213249B5002F56C2 /* TTNewsSDK */ = {
			isa = PBXGroup;
			children = (
				43BCAD83213396F400285AEC /* Classes */,
				43154DE5213249B5002F56C2 /* TTNewsSDK.h */,
				43FC5CD1213269E400709C20 /* TTNewsSDKPrefixHeader.pch */,
				43154DE6213249B5002F56C2 /* Info.plist */,
			);
			path = TTNewsSDK;
			sourceTree = "<group>";
		};
		43154E0C21324B76002F56C2 /* NewsDemo */ = {
			isa = PBXGroup;
			children = (
				43154E0D21324B76002F56C2 /* AppDelegate.h */,
				43154E0E21324B76002F56C2 /* AppDelegate.m */,
				43154E1021324B76002F56C2 /* ViewController.h */,
				43154E1121324B76002F56C2 /* ViewController.m */,
				43154E1321324B76002F56C2 /* Main.storyboard */,
				43154E1621324B76002F56C2 /* Assets.xcassets */,
				43154E1821324B76002F56C2 /* LaunchScreen.storyboard */,
				43154E1B21324B76002F56C2 /* Info.plist */,
				43154E1C21324B76002F56C2 /* main.m */,
			);
			path = NewsDemo;
			sourceTree = "<group>";
		};
		43154E3E21324DB3002F56C2 /* Frameworks */ = {
			isa = PBXGroup;
			children = (
				43FC5CF42132A26F00709C20 /* GYDataCenter.framework */,
				7DD4A3D562C11A3AB59429CC /* Pods_NewsDemo.framework */,
				519C45F8ECCC527D93579558 /* Pods_TTNewsSDK.framework */,
			);
			name = Frameworks;
			sourceTree = "<group>";
		};
		43BCAD83213396F400285AEC /* Classes */ = {
			isa = PBXGroup;
			children = (
				43BCAD9E213396F400285AEC /* Main */,
				43BCADA2213396F400285AEC /* NewsList */,
				43BCAD99213396F400285AEC /* Channel */,
				43BCAD94213396F400285AEC /* NewsDetail */,
				43BCAD84213396F400285AEC /* Expand */,
			);
			path = Classes;
			sourceTree = "<group>";
		};
		43BCAD84213396F400285AEC /* Expand */ = {
			isa = PBXGroup;
			children = (
				43BCAD85213396F400285AEC /* Database */,
				43BCAD86213396F400285AEC /* Tools */,
				43BCAD87213396F400285AEC /* Network */,
				43BCAD8C213396F400285AEC /* Utils */,
				43BCAD8D213396F400285AEC /* Defines */,
				43BCAD8F213396F400285AEC /* Categories */,
			);
			path = Expand;
			sourceTree = "<group>";
		};
		43BCAD85213396F400285AEC /* Database */ = {
			isa = PBXGroup;
			children = (
				43BCADB82133990A00285AEC /* TTDatabaseManager.h */,
				43BCADB92133990A00285AEC /* TTDatabaseManager.m */,
			);
			path = Database;
			sourceTree = "<group>";
		};
		43BCAD86213396F400285AEC /* Tools */ = {
			isa = PBXGroup;
			children = (
			);
			path = Tools;
			sourceTree = "<group>";
		};
		43BCAD87213396F400285AEC /* Network */ = {
			isa = PBXGroup;
			children = (
				43BCAD88213396F400285AEC /* TTParseParameters.h */,
				43BCAD8B213396F400285AEC /* TTParseParameters.m */,
				43BCAD89213396F400285AEC /* TTNetManager.h */,
				43BCAD8A213396F400285AEC /* TTNetManager.m */,
			);
			path = Network;
			sourceTree = "<group>";
		};
		43BCAD8C213396F400285AEC /* Utils */ = {
			isa = PBXGroup;
			children = (
			);
			path = Utils;
			sourceTree = "<group>";
		};
		43BCAD8D213396F400285AEC /* Defines */ = {
			isa = PBXGroup;
			children = (
				43BCAD8E213396F400285AEC /* TTNetParameterHeader.h */,
				435CC8482133AC0700EA0D3B /* TTCommonDefines.h */,
			);
			path = Defines;
			sourceTree = "<group>";
		};
		43BCAD8F213396F400285AEC /* Categories */ = {
			isa = PBXGroup;
			children = (
				43BCAD92213396F400285AEC /* UIColor+Hex.h */,
				43BCAD90213396F400285AEC /* UIColor+Hex.m */,
				43BCAD91213396F400285AEC /* UIView+Extension.h */,
				43BCAD93213396F400285AEC /* UIView+Extension.m */,
				435CC83F2133A69B00EA0D3B /* NSString+Extension.h */,
				435CC8402133A69B00EA0D3B /* NSString+Extension.m */,
			);
			path = Categories;
			sourceTree = "<group>";
		};
		43BCAD94213396F400285AEC /* NewsDetail */ = {
			isa = PBXGroup;
			children = (
				43BCAD95213396F400285AEC /* ViewModel */,
				43BCAD96213396F400285AEC /* Model */,
				43BCAD97213396F400285AEC /* View */,
				43BCAD98213396F400285AEC /* ViewController */,
			);
			path = NewsDetail;
			sourceTree = "<group>";
		};
		43BCAD95213396F400285AEC /* ViewModel */ = {
			isa = PBXGroup;
			children = (
			);
			path = ViewModel;
			sourceTree = "<group>";
		};
		43BCAD96213396F400285AEC /* Model */ = {
			isa = PBXGroup;
			children = (
			);
			path = Model;
			sourceTree = "<group>";
		};
		43BCAD97213396F400285AEC /* View */ = {
			isa = PBXGroup;
			children = (
			);
			path = View;
			sourceTree = "<group>";
		};
		43BCAD98213396F400285AEC /* ViewController */ = {
			isa = PBXGroup;
			children = (
			);
			path = ViewController;
			sourceTree = "<group>";
		};
		43BCAD99213396F400285AEC /* Channel */ = {
			isa = PBXGroup;
			children = (
				43BCADB7213397E600285AEC /* View */,
				43BCADB6213397E600285AEC /* ViewModel */,
				43BCAD9A213396F400285AEC /* Model */,
				43BCAD9D213396F400285AEC /* ViewController */,
			);
			path = Channel;
			sourceTree = "<group>";
		};
		43BCAD9A213396F400285AEC /* Model */ = {
			isa = PBXGroup;
			children = (
				43BCAD9C213396F400285AEC /* TTCategory.h */,
				43BCAD9B213396F400285AEC /* TTCategory.m */,
			);
			path = Model;
			sourceTree = "<group>";
		};
		43BCAD9D213396F400285AEC /* ViewController */ = {
			isa = PBXGroup;
			children = (
			);
			path = ViewController;
			sourceTree = "<group>";
		};
		43BCAD9E213396F400285AEC /* Main */ = {
			isa = PBXGroup;
			children = (
				43BCADB1213397BA00285AEC /* View */,
				43BCADB2213397BA00285AEC /* ViewModel */,
				43BCAD9F213396F400285AEC /* ViewController */,
			);
			path = Main;
			sourceTree = "<group>";
		};
		43BCAD9F213396F400285AEC /* ViewController */ = {
			isa = PBXGroup;
			children = (
				43BCADA0213396F400285AEC /* TTNewsViewController.h */,
				43BCADA1213396F400285AEC /* TTNewsViewController.m */,
			);
			path = ViewController;
			sourceTree = "<group>";
		};
		43BCADA2213396F400285AEC /* NewsList */ = {
			isa = PBXGroup;
			children = (
				43BCADB3213397CC00285AEC /* Model */,
				43BCADB5213397CC00285AEC /* View */,
				43BCADB4213397CC00285AEC /* ViewModel */,
				43BCADA3213396F400285AEC /* ViewController */,
			);
			path = NewsList;
			sourceTree = "<group>";
		};
		43BCADA3213396F400285AEC /* ViewController */ = {
			isa = PBXGroup;
			children = (
			);
			path = ViewController;
			sourceTree = "<group>";
		};
		43BCADB1213397BA00285AEC /* View */ = {
			isa = PBXGroup;
			children = (
				4375ED502133D7E500B21D34 /* TTNewsListCell.h */,
				4375ED512133D7E500B21D34 /* TTNewsListCell.m */,
				4375ED582133E6FC00B21D34 /* TTPageContentView.h */,
				4375ED592133E6FC00B21D34 /* TTPageContentView.m */,
			);
			path = View;
			sourceTree = "<group>";
		};
		43BCADB2213397BA00285AEC /* ViewModel */ = {
			isa = PBXGroup;
			children = (
				4375ED642134FB3D00B21D34 /* TTNewsListViewModel.h */,
				4375ED652134FB3D00B21D34 /* TTNewsListViewModel.m */,
			);
			path = ViewModel;
			sourceTree = "<group>";
		};
		43BCADB3213397CC00285AEC /* Model */ = {
			isa = PBXGroup;
			children = (
				4375ED602134F53E00B21D34 /* TTTopic.h */,
				4375ED612134F53E00B21D34 /* TTTopic.m */,
			);
			path = Model;
			sourceTree = "<group>";
		};
		43BCADB4213397CC00285AEC /* ViewModel */ = {
			isa = PBXGroup;
			children = (
			);
			path = ViewModel;
			sourceTree = "<group>";
		};
		43BCADB5213397CC00285AEC /* View */ = {
			isa = PBXGroup;
			children = (
				4375ED5C2134F3A400B21D34 /* TTNewsBaseCell.h */,
				4375ED5D2134F3A400B21D34 /* TTNewsBaseCell.m */,
			);
			path = View;
			sourceTree = "<group>";
		};
		43BCADB6213397E600285AEC /* ViewModel */ = {
			isa = PBXGroup;
			children = (
				4375ED4C2133CBDC00B21D34 /* TTChannelViewModel.h */,
				4375ED4D2133CBDC00B21D34 /* TTChannelViewModel.m */,
			);
			path = ViewModel;
			sourceTree = "<group>";
		};
		43BCADB7213397E600285AEC /* View */ = {
			isa = PBXGroup;
			children = (
				435CC8432133AA1400EA0D3B /* TTChannelView.h */,
				435CC8442133AA1400EA0D3B /* TTChannelView.m */,
				43B94BE92133BF3500C1B98E /* TTChannelViewCell.h */,
				43B94BEA2133BF3500C1B98E /* TTChannelViewCell.m */,
			);
			path = View;
			sourceTree = "<group>";
		};
/* End PBXGroup section */

/* Begin PBXHeadersBuildPhase section */
		43154DDF213249B5002F56C2 /* Headers */ = {
			isa = PBXHeadersBuildPhase;
			buildActionMask = 2147483647;
			files = (
				435CC8412133A69B00EA0D3B /* NSString+Extension.h in Headers */,
				43BCADAF213396F400285AEC /* TTNewsViewController.h in Headers */,
				43BCADAA213396F400285AEC /* UIView+Extension.h in Headers */,
				4375ED522133D7E500B21D34 /* TTNewsListCell.h in Headers */,
				4375ED5A2133E6FC00B21D34 /* TTPageContentView.h in Headers */,
				43BCADA4213396F400285AEC /* TTParseParameters.h in Headers */,
				4375ED662134FB3D00B21D34 /* TTNewsListViewModel.h in Headers */,
				4375ED622134F53E00B21D34 /* TTTopic.h in Headers */,
				4375ED5E2134F3A400B21D34 /* TTNewsBaseCell.h in Headers */,
				43BCADBA2133990A00285AEC /* TTDatabaseManager.h in Headers */,
				43BCADA8213396F400285AEC /* TTNetParameterHeader.h in Headers */,
				435CC8452133AA1400EA0D3B /* TTChannelView.h in Headers */,
				43BCADAE213396F400285AEC /* TTCategory.h in Headers */,
				4375ED4E2133CBDC00B21D34 /* TTChannelViewModel.h in Headers */,
				43154DE7213249B5002F56C2 /* TTNewsSDK.h in Headers */,
				43B94BEB2133BF3500C1B98E /* TTChannelViewCell.h in Headers */,
				43BCADAB213396F400285AEC /* UIColor+Hex.h in Headers */,
				43BCADA5213396F400285AEC /* TTNetManager.h in Headers */,
			);
			runOnlyForDeploymentPostprocessing = 0;
		};
/* End PBXHeadersBuildPhase section */

/* Begin PBXNativeTarget section */
		43154DE1213249B5002F56C2 /* TTNewsSDK */ = {
			isa = PBXNativeTarget;
			buildConfigurationList = 43154DEA213249B5002F56C2 /* Build configuration list for PBXNativeTarget "TTNewsSDK" */;
			buildPhases = (
				1676C69596D7599685E4713B /* [CP] Check Pods Manifest.lock */,
				43154DDD213249B5002F56C2 /* Sources */,
				43154DDE213249B5002F56C2 /* Frameworks */,
				43154DDF213249B5002F56C2 /* Headers */,
				43154DE0213249B5002F56C2 /* Resources */,
				8A15EAAE654C2E602436CDF0 /* [CP] Copy Pods Resources */,
			);
			buildRules = (
			);
			dependencies = (
			);
			name = TTNewsSDK;
			productName = TTNewsSDK;
			productReference = 43154DE2213249B5002F56C2 /* TTNewsSDK.framework */;
			productType = "com.apple.product-type.framework";
		};
		43154E0A21324B76002F56C2 /* NewsDemo */ = {
			isa = PBXNativeTarget;
			buildConfigurationList = 43154E1E21324B76002F56C2 /* Build configuration list for PBXNativeTarget "NewsDemo" */;
			buildPhases = (
				B53913A6B28D2C306EAC643B /* [CP] Check Pods Manifest.lock */,
				43154E0721324B76002F56C2 /* Sources */,
				43154E0821324B76002F56C2 /* Frameworks */,
				43154E0921324B76002F56C2 /* Resources */,
				269333CCEECAB90FD0EC7C71 /* [CP] Embed Pods Frameworks */,
				30683BE40B90E2010254A652 /* [CP] Copy Pods Resources */,
			);
			buildRules = (
			);
			dependencies = (
				43154E3C21324D94002F56C2 /* PBXTargetDependency */,
			);
			name = NewsDemo;
			productName = NewsDemo;
			productReference = 43154E0B21324B76002F56C2 /* NewsDemo.app */;
			productType = "com.apple.product-type.application";
		};
/* End PBXNativeTarget section */

/* Begin PBXProject section */
		43154DD9213249B5002F56C2 /* Project object */ = {
			isa = PBXProject;
			attributes = {
				CLASSPREFIX = TT;
				LastUpgradeCheck = 0900;
				ORGANIZATIONNAME = "梁志远";
				TargetAttributes = {
					43154DE1213249B5002F56C2 = {
						CreatedOnToolsVersion = 9.0;
						ProvisioningStyle = Automatic;
					};
					43154E0A21324B76002F56C2 = {
						CreatedOnToolsVersion = 9.0;
						ProvisioningStyle = Automatic;
					};
				};
			};
			buildConfigurationList = 43154DDC213249B5002F56C2 /* Build configuration list for PBXProject "TTNewsSDK" */;
			compatibilityVersion = "Xcode 8.0";
			developmentRegion = en;
			hasScannedForEncodings = 0;
			knownRegions = (
				en,
				Base,
			);
			mainGroup = 43154DD8213249B5002F56C2;
			productRefGroup = 43154DE3213249B5002F56C2 /* Products */;
			projectDirPath = "";
			projectRoot = "";
			targets = (
				43154DE1213249B5002F56C2 /* TTNewsSDK */,
				43154E0A21324B76002F56C2 /* NewsDemo */,
			);
		};
/* End PBXProject section */

/* Begin PBXResourcesBuildPhase section */
		43154DE0213249B5002F56C2 /* Resources */ = {
			isa = PBXResourcesBuildPhase;
			buildActionMask = 2147483647;
			files = (
			);
			runOnlyForDeploymentPostprocessing = 0;
		};
		43154E0921324B76002F56C2 /* Resources */ = {
			isa = PBXResourcesBuildPhase;
			buildActionMask = 2147483647;
			files = (
				43154E1A21324B76002F56C2 /* LaunchScreen.storyboard in Resources */,
				43154E1721324B76002F56C2 /* Assets.xcassets in Resources */,
				43154E1521324B76002F56C2 /* Main.storyboard in Resources */,
			);
			runOnlyForDeploymentPostprocessing = 0;
		};
/* End PBXResourcesBuildPhase section */

/* Begin PBXShellScriptBuildPhase section */
		1676C69596D7599685E4713B /* [CP] Check Pods Manifest.lock */ = {
			isa = PBXShellScriptBuildPhase;
			buildActionMask = 2147483647;
			files = (
			);
			inputPaths = (
				"${PODS_PODFILE_DIR_PATH}/Podfile.lock",
				"${PODS_ROOT}/Manifest.lock",
			);
			name = "[CP] Check Pods Manifest.lock";
			outputPaths = (
				"$(DERIVED_FILE_DIR)/Pods-TTNewsSDK-checkManifestLockResult.txt",
			);
			runOnlyForDeploymentPostprocessing = 0;
			shellPath = /bin/sh;
			shellScript = "diff \"${PODS_PODFILE_DIR_PATH}/Podfile.lock\" \"${PODS_ROOT}/Manifest.lock\" > /dev/null\nif [ $? != 0 ] ; then\n    # print error to STDERR\n    echo \"error: The sandbox is not in sync with the Podfile.lock. Run 'pod install' or update your CocoaPods installation.\" >&2\n    exit 1\nfi\n# This output is used by Xcode 'outputs' to avoid re-running this script phase.\necho \"SUCCESS\" > \"${SCRIPT_OUTPUT_FILE_0}\"\n";
			showEnvVarsInLog = 0;
		};
		269333CCEECAB90FD0EC7C71 /* [CP] Embed Pods Frameworks */ = {
			isa = PBXShellScriptBuildPhase;
			buildActionMask = 2147483647;
			files = (
			);
			inputPaths = (
				"${SRCROOT}/Pods/Target Support Files/Pods-NewsDemo/Pods-NewsDemo-frameworks.sh",
				"${BUILT_PRODUCTS_DIR}/AFNetworking/AFNetworking.framework",
				"${BUILT_PRODUCTS_DIR}/FMDB/FMDB.framework",
				"${BUILT_PRODUCTS_DIR}/GYDataCenter/GYDataCenter.framework",
				"${BUILT_PRODUCTS_DIR}/MJRefresh/MJRefresh.framework",
				"${BUILT_PRODUCTS_DIR}/YYImage/YYImage.framework",
				"${BUILT_PRODUCTS_DIR}/YYModel/YYModel.framework",
			);
			name = "[CP] Embed Pods Frameworks";
			outputPaths = (
				"${TARGET_BUILD_DIR}/${FRAMEWORKS_FOLDER_PATH}/AFNetworking.framework",
				"${TARGET_BUILD_DIR}/${FRAMEWORKS_FOLDER_PATH}/FMDB.framework",
				"${TARGET_BUILD_DIR}/${FRAMEWORKS_FOLDER_PATH}/GYDataCenter.framework",
				"${TARGET_BUILD_DIR}/${FRAMEWORKS_FOLDER_PATH}/MJRefresh.framework",
				"${TARGET_BUILD_DIR}/${FRAMEWORKS_FOLDER_PATH}/YYImage.framework",
				"${TARGET_BUILD_DIR}/${FRAMEWORKS_FOLDER_PATH}/YYModel.framework",
			);
			runOnlyForDeploymentPostprocessing = 0;
			shellPath = /bin/sh;
			shellScript = "\"${SRCROOT}/Pods/Target Support Files/Pods-NewsDemo/Pods-NewsDemo-frameworks.sh\"\n";
			showEnvVarsInLog = 0;
		};
		30683BE40B90E2010254A652 /* [CP] Copy Pods Resources */ = {
			isa = PBXShellScriptBuildPhase;
			buildActionMask = 2147483647;
			files = (
			);
			inputPaths = (
			);
			name = "[CP] Copy Pods Resources";
			outputPaths = (
			);
			runOnlyForDeploymentPostprocessing = 0;
			shellPath = /bin/sh;
			shellScript = "\"${SRCROOT}/Pods/Target Support Files/Pods-NewsDemo/Pods-NewsDemo-resources.sh\"\n";
			showEnvVarsInLog = 0;
		};
		8A15EAAE654C2E602436CDF0 /* [CP] Copy Pods Resources */ = {
			isa = PBXShellScriptBuildPhase;
			buildActionMask = 2147483647;
			files = (
			);
			inputPaths = (
			);
			name = "[CP] Copy Pods Resources";
			outputPaths = (
			);
			runOnlyForDeploymentPostprocessing = 0;
			shellPath = /bin/sh;
			shellScript = "\"${SRCROOT}/Pods/Target Support Files/Pods-TTNewsSDK/Pods-TTNewsSDK-resources.sh\"\n";
			showEnvVarsInLog = 0;
		};
		B53913A6B28D2C306EAC643B /* [CP] Check Pods Manifest.lock */ = {
			isa = PBXShellScriptBuildPhase;
			buildActionMask = 2147483647;
			files = (
			);
			inputPaths = (
				"${PODS_PODFILE_DIR_PATH}/Podfile.lock",
				"${PODS_ROOT}/Manifest.lock",
			);
			name = "[CP] Check Pods Manifest.lock";
			outputPaths = (
				"$(DERIVED_FILE_DIR)/Pods-NewsDemo-checkManifestLockResult.txt",
			);
			runOnlyForDeploymentPostprocessing = 0;
			shellPath = /bin/sh;
			shellScript = "diff \"${PODS_PODFILE_DIR_PATH}/Podfile.lock\" \"${PODS_ROOT}/Manifest.lock\" > /dev/null\nif [ $? != 0 ] ; then\n    # print error to STDERR\n    echo \"error: The sandbox is not in sync with the Podfile.lock. Run 'pod install' or update your CocoaPods installation.\" >&2\n    exit 1\nfi\n# This output is used by Xcode 'outputs' to avoid re-running this script phase.\necho \"SUCCESS\" > \"${SCRIPT_OUTPUT_FILE_0}\"\n";
			showEnvVarsInLog = 0;
		};
/* End PBXShellScriptBuildPhase section */

/* Begin PBXSourcesBuildPhase section */
		43154DDD213249B5002F56C2 /* Sources */ = {
			isa = PBXSourcesBuildPhase;
			buildActionMask = 2147483647;
			files = (
				43BCADA6213396F400285AEC /* TTNetManager.m in Sources */,
				4375ED4F2133CBDC00B21D34 /* TTChannelViewModel.m in Sources */,
				43BCADA9213396F400285AEC /* UIColor+Hex.m in Sources */,
				435CC8462133AA1400EA0D3B /* TTChannelView.m in Sources */,
				4375ED632134F53E00B21D34 /* TTTopic.m in Sources */,
				4375ED532133D7E500B21D34 /* TTNewsListCell.m in Sources */,
				43BCADAD213396F400285AEC /* TTCategory.m in Sources */,
				43BCADAC213396F400285AEC /* UIView+Extension.m in Sources */,
				43BCADA7213396F400285AEC /* TTParseParameters.m in Sources */,
				4375ED5B2133E6FC00B21D34 /* TTPageContentView.m in Sources */,
				43BCADBB2133990A00285AEC /* TTDatabaseManager.m in Sources */,
				43BCADB0213396F400285AEC /* TTNewsViewController.m in Sources */,
				43B94BEC2133BF3500C1B98E /* TTChannelViewCell.m in Sources */,
				4375ED672134FB3D00B21D34 /* TTNewsListViewModel.m in Sources */,
				435CC8422133A69B00EA0D3B /* NSString+Extension.m in Sources */,
				4375ED5F2134F3A400B21D34 /* TTNewsBaseCell.m in Sources */,
			);
			runOnlyForDeploymentPostprocessing = 0;
		};
		43154E0721324B76002F56C2 /* Sources */ = {
			isa = PBXSourcesBuildPhase;
			buildActionMask = 2147483647;
			files = (
				43154E1221324B76002F56C2 /* ViewController.m in Sources */,
				43154E1D21324B76002F56C2 /* main.m in Sources */,
				43154E0F21324B76002F56C2 /* AppDelegate.m in Sources */,
			);
			runOnlyForDeploymentPostprocessing = 0;
		};
/* End PBXSourcesBuildPhase section */

/* Begin PBXTargetDependency section */
		43154E3C21324D94002F56C2 /* PBXTargetDependency */ = {
			isa = PBXTargetDependency;
			target = 43154DE1213249B5002F56C2 /* TTNewsSDK */;
			targetProxy = 43154E3B21324D94002F56C2 /* PBXContainerItemProxy */;
		};
/* End PBXTargetDependency section */

/* Begin PBXVariantGroup section */
		43154E1321324B76002F56C2 /* Main.storyboard */ = {
			isa = PBXVariantGroup;
			children = (
				43154E1421324B76002F56C2 /* Base */,
			);
			name = Main.storyboard;
			sourceTree = "<group>";
		};
		43154E1821324B76002F56C2 /* LaunchScreen.storyboard */ = {
			isa = PBXVariantGroup;
			children = (
				43154E1921324B76002F56C2 /* Base */,
			);
			name = LaunchScreen.storyboard;
			sourceTree = "<group>";
		};
/* End PBXVariantGroup section */

/* Begin XCBuildConfiguration section */
		43154DE8213249B5002F56C2 /* Debug */ = {
			isa = XCBuildConfiguration;
			buildSettings = {
				ALWAYS_SEARCH_USER_PATHS = NO;
				CLANG_ANALYZER_NONNULL = YES;
				CLANG_ANALYZER_NUMBER_OBJECT_CONVERSION = YES_AGGRESSIVE;
				CLANG_CXX_LANGUAGE_STANDARD = "gnu++14";
				CLANG_CXX_LIBRARY = "libc++";
				CLANG_ENABLE_MODULES = YES;
				CLANG_ENABLE_OBJC_ARC = YES;
				CLANG_WARN_BLOCK_CAPTURE_AUTORELEASING = YES;
				CLANG_WARN_BOOL_CONVERSION = YES;
				CLANG_WARN_COMMA = YES;
				CLANG_WARN_CONSTANT_CONVERSION = YES;
				CLANG_WARN_DIRECT_OBJC_ISA_USAGE = YES_ERROR;
				CLANG_WARN_DOCUMENTATION_COMMENTS = YES;
				CLANG_WARN_EMPTY_BODY = YES;
				CLANG_WARN_ENUM_CONVERSION = YES;
				CLANG_WARN_INFINITE_RECURSION = YES;
				CLANG_WARN_INT_CONVERSION = YES;
				CLANG_WARN_NON_LITERAL_NULL_CONVERSION = YES;
				CLANG_WARN_OBJC_LITERAL_CONVERSION = YES;
				CLANG_WARN_OBJC_ROOT_CLASS = YES_ERROR;
				CLANG_WARN_RANGE_LOOP_ANALYSIS = YES;
				CLANG_WARN_STRICT_PROTOTYPES = YES;
				CLANG_WARN_SUSPICIOUS_MOVE = YES;
				CLANG_WARN_UNGUARDED_AVAILABILITY = YES_AGGRESSIVE;
				CLANG_WARN_UNREACHABLE_CODE = YES;
				CLANG_WARN__DUPLICATE_METHOD_MATCH = YES;
				CODE_SIGN_IDENTITY = "iPhone Developer";
				COPY_PHASE_STRIP = NO;
				CURRENT_PROJECT_VERSION = 1;
				DEBUG_INFORMATION_FORMAT = dwarf;
				ENABLE_STRICT_OBJC_MSGSEND = YES;
				ENABLE_TESTABILITY = YES;
				GCC_C_LANGUAGE_STANDARD = gnu11;
				GCC_DYNAMIC_NO_PIC = NO;
				GCC_NO_COMMON_BLOCKS = YES;
				GCC_OPTIMIZATION_LEVEL = 0;
				GCC_PREPROCESSOR_DEFINITIONS = (
					"DEBUG=1",
					"$(inherited)",
				);
				GCC_WARN_64_TO_32_BIT_CONVERSION = YES;
				GCC_WARN_ABOUT_RETURN_TYPE = YES_ERROR;
				GCC_WARN_UNDECLARED_SELECTOR = YES;
				GCC_WARN_UNINITIALIZED_AUTOS = YES_AGGRESSIVE;
				GCC_WARN_UNUSED_FUNCTION = YES;
				GCC_WARN_UNUSED_VARIABLE = YES;
				IPHONEOS_DEPLOYMENT_TARGET = 11.0;
				MTL_ENABLE_DEBUG_INFO = YES;
				ONLY_ACTIVE_ARCH = YES;
				SDKROOT = iphoneos;
				VERSIONING_SYSTEM = "apple-generic";
				VERSION_INFO_PREFIX = "";
			};
			name = Debug;
		};
		43154DE9213249B5002F56C2 /* Release */ = {
			isa = XCBuildConfiguration;
			buildSettings = {
				ALWAYS_SEARCH_USER_PATHS = NO;
				CLANG_ANALYZER_NONNULL = YES;
				CLANG_ANALYZER_NUMBER_OBJECT_CONVERSION = YES_AGGRESSIVE;
				CLANG_CXX_LANGUAGE_STANDARD = "gnu++14";
				CLANG_CXX_LIBRARY = "libc++";
				CLANG_ENABLE_MODULES = YES;
				CLANG_ENABLE_OBJC_ARC = YES;
				CLANG_WARN_BLOCK_CAPTURE_AUTORELEASING = YES;
				CLANG_WARN_BOOL_CONVERSION = YES;
				CLANG_WARN_COMMA = YES;
				CLANG_WARN_CONSTANT_CONVERSION = YES;
				CLANG_WARN_DIRECT_OBJC_ISA_USAGE = YES_ERROR;
				CLANG_WARN_DOCUMENTATION_COMMENTS = YES;
				CLANG_WARN_EMPTY_BODY = YES;
				CLANG_WARN_ENUM_CONVERSION = YES;
				CLANG_WARN_INFINITE_RECURSION = YES;
				CLANG_WARN_INT_CONVERSION = YES;
				CLANG_WARN_NON_LITERAL_NULL_CONVERSION = YES;
				CLANG_WARN_OBJC_LITERAL_CONVERSION = YES;
				CLANG_WARN_OBJC_ROOT_CLASS = YES_ERROR;
				CLANG_WARN_RANGE_LOOP_ANALYSIS = YES;
				CLANG_WARN_STRICT_PROTOTYPES = YES;
				CLANG_WARN_SUSPICIOUS_MOVE = YES;
				CLANG_WARN_UNGUARDED_AVAILABILITY = YES_AGGRESSIVE;
				CLANG_WARN_UNREACHABLE_CODE = YES;
				CLANG_WARN__DUPLICATE_METHOD_MATCH = YES;
				CODE_SIGN_IDENTITY = "iPhone Developer";
				COPY_PHASE_STRIP = NO;
				CURRENT_PROJECT_VERSION = 1;
				DEBUG_INFORMATION_FORMAT = "dwarf-with-dsym";
				ENABLE_NS_ASSERTIONS = NO;
				ENABLE_STRICT_OBJC_MSGSEND = YES;
				GCC_C_LANGUAGE_STANDARD = gnu11;
				GCC_NO_COMMON_BLOCKS = YES;
				GCC_WARN_64_TO_32_BIT_CONVERSION = YES;
				GCC_WARN_ABOUT_RETURN_TYPE = YES_ERROR;
				GCC_WARN_UNDECLARED_SELECTOR = YES;
				GCC_WARN_UNINITIALIZED_AUTOS = YES_AGGRESSIVE;
				GCC_WARN_UNUSED_FUNCTION = YES;
				GCC_WARN_UNUSED_VARIABLE = YES;
				IPHONEOS_DEPLOYMENT_TARGET = 11.0;
				MTL_ENABLE_DEBUG_INFO = NO;
				SDKROOT = iphoneos;
				VALIDATE_PRODUCT = YES;
				VERSIONING_SYSTEM = "apple-generic";
				VERSION_INFO_PREFIX = "";
			};
			name = Release;
		};
		43154DEB213249B5002F56C2 /* Debug */ = {
			isa = XCBuildConfiguration;
			baseConfigurationReference = F96351C33600CEF706589CBB /* Pods-TTNewsSDK.debug.xcconfig */;
			buildSettings = {
				CODE_SIGN_IDENTITY = "";
				CODE_SIGN_STYLE = Automatic;
				DEFINES_MODULE = YES;
				DYLIB_COMPATIBILITY_VERSION = 1;
				DYLIB_CURRENT_VERSION = 1;
				DYLIB_INSTALL_NAME_BASE = "@rpath";
				GCC_PRECOMPILE_PREFIX_HEADER = YES;
				GCC_PREFIX_HEADER = /Users/liangzhiyuan/TTNews/TTNewsSDK/TTNewsSDK/TTNewsSDKPrefixHeader.pch;
				INFOPLIST_FILE = TTNewsSDK/Info.plist;
				INSTALL_PATH = "$(LOCAL_LIBRARY_DIR)/Frameworks";
				IPHONEOS_DEPLOYMENT_TARGET = 9.2;
				LD_RUNPATH_SEARCH_PATHS = "$(inherited) @executable_path/Frameworks @loader_path/Frameworks";
				PRODUCT_BUNDLE_IDENTIFIER = com.lzy.TTNewsSDK;
				PRODUCT_NAME = "$(TARGET_NAME:c99extidentifier)";
				SKIP_INSTALL = YES;
				TARGETED_DEVICE_FAMILY = "1,2";
			};
			name = Debug;
		};
		43154DEC213249B5002F56C2 /* Release */ = {
			isa = XCBuildConfiguration;
			baseConfigurationReference = 71BAB358B1A533F08DFE05C6 /* Pods-TTNewsSDK.release.xcconfig */;
			buildSettings = {
				CODE_SIGN_IDENTITY = "";
				CODE_SIGN_STYLE = Automatic;
				DEFINES_MODULE = YES;
				DYLIB_COMPATIBILITY_VERSION = 1;
				DYLIB_CURRENT_VERSION = 1;
				DYLIB_INSTALL_NAME_BASE = "@rpath";
				GCC_PRECOMPILE_PREFIX_HEADER = YES;
				GCC_PREFIX_HEADER = /Users/liangzhiyuan/TTNews/TTNewsSDK/TTNewsSDK/TTNewsSDKPrefixHeader.pch;
				INFOPLIST_FILE = TTNewsSDK/Info.plist;
				INSTALL_PATH = "$(LOCAL_LIBRARY_DIR)/Frameworks";
				IPHONEOS_DEPLOYMENT_TARGET = 9.2;
				LD_RUNPATH_SEARCH_PATHS = "$(inherited) @executable_path/Frameworks @loader_path/Frameworks";
				PRODUCT_BUNDLE_IDENTIFIER = com.lzy.TTNewsSDK;
				PRODUCT_NAME = "$(TARGET_NAME:c99extidentifier)";
				SKIP_INSTALL = YES;
				TARGETED_DEVICE_FAMILY = "1,2";
			};
			name = Release;
		};
		43154E1F21324B76002F56C2 /* Debug */ = {
			isa = XCBuildConfiguration;
			baseConfigurationReference = 796120DED0F5D36CD78AC9F7 /* Pods-NewsDemo.debug.xcconfig */;
			buildSettings = {
				ASSETCATALOG_COMPILER_APPICON_NAME = AppIcon;
				CODE_SIGN_STYLE = Automatic;
				INFOPLIST_FILE = NewsDemo/Info.plist;
				LD_RUNPATH_SEARCH_PATHS = "$(inherited) @executable_path/Frameworks";
				PRODUCT_BUNDLE_IDENTIFIER = com.lzy.NewsDemo;
				PRODUCT_NAME = "$(TARGET_NAME)";
				TARGETED_DEVICE_FAMILY = "1,2";
			};
			name = Debug;
		};
		43154E2021324B76002F56C2 /* Release */ = {
			isa = XCBuildConfiguration;
			baseConfigurationReference = 24128622EA40F40C054ACA5D /* Pods-NewsDemo.release.xcconfig */;
			buildSettings = {
				ASSETCATALOG_COMPILER_APPICON_NAME = AppIcon;
				CODE_SIGN_STYLE = Automatic;
				INFOPLIST_FILE = NewsDemo/Info.plist;
				LD_RUNPATH_SEARCH_PATHS = "$(inherited) @executable_path/Frameworks";
				PRODUCT_BUNDLE_IDENTIFIER = com.lzy.NewsDemo;
				PRODUCT_NAME = "$(TARGET_NAME)";
				TARGETED_DEVICE_FAMILY = "1,2";
			};
			name = Release;
		};
/* End XCBuildConfiguration section */

/* Begin XCConfigurationList section */
		43154DDC213249B5002F56C2 /* Build configuration list for PBXProject "TTNewsSDK" */ = {
			isa = XCConfigurationList;
			buildConfigurations = (
				43154DE8213249B5002F56C2 /* Debug */,
				43154DE9213249B5002F56C2 /* Release */,
			);
			defaultConfigurationIsVisible = 0;
			defaultConfigurationName = Release;
		};
		43154DEA213249B5002F56C2 /* Build configuration list for PBXNativeTarget "TTNewsSDK" */ = {
			isa = XCConfigurationList;
			buildConfigurations = (
				43154DEB213249B5002F56C2 /* Debug */,
				43154DEC213249B5002F56C2 /* Release */,
			);
			defaultConfigurationIsVisible = 0;
			defaultConfigurationName = Release;
		};
		43154E1E21324B76002F56C2 /* Build configuration list for PBXNativeTarget "NewsDemo" */ = {
			isa = XCConfigurationList;
			buildConfigurations = (
				43154E1F21324B76002F56C2 /* Debug */,
				43154E2021324B76002F56C2 /* Release */,
			);
			defaultConfigurationIsVisible = 0;
			defaultConfigurationName = Release;
		};
/* End XCConfigurationList section */
	};
	rootObject = 43154DD9213249B5002F56C2 /* Project object */;
}
