// !$*UTF8*$!
{
	archiveVersion = 1;
	classes = {
	};
	objectVersion = 48;
	objects = {

/* Begin PBXBuildFile section */
		43154DE7213249B5002F56C2 /* TTNewsSDK.h in Headers */ = {isa = PBXBuildFile; fileRef = 43154DE5213249B5002F56C2 /* TTNewsSDK.h */; settings = {ATTRIBUTES = (Public, ); }; };
		43154E0F21324B76002F56C2 /* AppDelegate.m in Sources */ = {isa = PBXBuildFile; fileRef = 43154E0E21324B76002F56C2 /* AppDelegate.m */; };
		43154E1221324B76002F56C2 /* ViewController.m in Sources */ = {isa = PBXBuildFile; fileRef = 43154E1121324B76002F56C2 /* ViewController.m */; };
		43154E1521324B76002F56C2 /* Main.storyboard in Resources */ = {isa = PBXBuildFile; fileRef = 43154E1321324B76002F56C2 /* Main.storyboard */; };
		43154E1721324B76002F56C2 /* Assets.xcassets in Resources */ = {isa = PBXBuildFile; fileRef = 43154E1621324B76002F56C2 /* Assets.xcassets */; };
		43154E1A21324B76002F56C2 /* LaunchScreen.storyboard in Resources */ = {isa = PBXBuildFile; fileRef = 43154E1821324B76002F56C2 /* LaunchScreen.storyboard */; };
		43154E1D21324B76002F56C2 /* main.m in Sources */ = {isa = PBXBuildFile; fileRef = 43154E1C21324B76002F56C2 /* main.m */; };
		43154E3821324C3B002F56C2 /* TTNewsViewController.h in Headers */ = {isa = PBXBuildFile; fileRef = 43154E3621324C3B002F56C2 /* TTNewsViewController.h */; settings = {ATTRIBUTES = (Public, ); }; };
		43154E3921324C3B002F56C2 /* TTNewsViewController.m in Sources */ = {isa = PBXBuildFile; fileRef = 43154E3721324C3B002F56C2 /* TTNewsViewController.m */; };
		43154E4021324DDC002F56C2 /* TTNewsSDK.framework in Frameworks */ = {isa = PBXBuildFile; fileRef = 43154DE2213249B5002F56C2 /* TTNewsSDK.framework */; };
		43FC5CEA2132816500709C20 /* TTNetManager.h in Headers */ = {isa = PBXBuildFile; fileRef = 43FC5CE621327C0D00709C20 /* TTNetManager.h */; };
		43FC5CEB2132816900709C20 /* TTNetManager.m in Sources */ = {isa = PBXBuildFile; fileRef = 43FC5CE721327C0D00709C20 /* TTNetManager.m */; };
		43FC5CEC2132816D00709C20 /* TTParseParameters.h in Headers */ = {isa = PBXBuildFile; fileRef = 43FC5CE521327C0D00709C20 /* TTParseParameters.h */; };
		43FC5CED2132817000709C20 /* TTParseParameters.m in Sources */ = {isa = PBXBuildFile; fileRef = 43FC5CE821327C0D00709C20 /* TTParseParameters.m */; };
		43FC5CEE2132817300709C20 /* TTNetParameterHeader.h in Headers */ = {isa = PBXBuildFile; fileRef = 43FC5CE921327C0D00709C20 /* TTNetParameterHeader.h */; };
		43FC5CF1213282D100709C20 /* TTCategory.h in Headers */ = {isa = PBXBuildFile; fileRef = 43FC5CEF213282D100709C20 /* TTCategory.h */; };
		43FC5CF2213282D100709C20 /* TTCategory.m in Sources */ = {isa = PBXBuildFile; fileRef = 43FC5CF0213282D100709C20 /* TTCategory.m */; };
		5C7446EA242A5647B12E0329 /* Pods_NewsDemo.framework in Frameworks */ = {isa = PBXBuildFile; fileRef = 7DD4A3D562C11A3AB59429CC /* Pods_NewsDemo.framework */; };
		D71A3988A80D745FAFCBF1CB /* Pods_TTNewsSDK.framework in Frameworks */ = {isa = PBXBuildFile; fileRef = 519C45F8ECCC527D93579558 /* Pods_TTNewsSDK.framework */; };
/* End PBXBuildFile section */

/* Begin PBXContainerItemProxy section */
		43154E3B21324D94002F56C2 /* PBXContainerItemProxy */ = {
			isa = PBXContainerItemProxy;
			containerPortal = 43154DD9213249B5002F56C2 /* Project object */;
			proxyType = 1;
			remoteGlobalIDString = 43154DE1213249B5002F56C2;
			remoteInfo = TTNewsSDK;
		};
/* End PBXContainerItemProxy section */

/* Begin PBXFileReference section */
		24128622EA40F40C054ACA5D /* Pods-NewsDemo.release.xcconfig */ = {isa = PBXFileReference; includeInIndex = 1; lastKnownFileType = text.xcconfig; name = "Pods-NewsDemo.release.xcconfig"; path = "Pods/Target Support Files/Pods-NewsDemo/Pods-NewsDemo.release.xcconfig"; sourceTree = "<group>"; };
		43154DE2213249B5002F56C2 /* TTNewsSDK.framework */ = {isa = PBXFileReference; explicitFileType = wrapper.framework; includeInIndex = 0; path = TTNewsSDK.framework; sourceTree = BUILT_PRODUCTS_DIR; };
		43154DE5213249B5002F56C2 /* TTNewsSDK.h */ = {isa = PBXFileReference; lastKnownFileType = sourcecode.c.h; path = TTNewsSDK.h; sourceTree = "<group>"; };
		43154DE6213249B5002F56C2 /* Info.plist */ = {isa = PBXFileReference; lastKnownFileType = text.plist.xml; path = Info.plist; sourceTree = "<group>"; };
		43154E0B21324B76002F56C2 /* NewsDemo.app */ = {isa = PBXFileReference; explicitFileType = wrapper.application; includeInIndex = 0; path = NewsDemo.app; sourceTree = BUILT_PRODUCTS_DIR; };
		43154E0D21324B76002F56C2 /* AppDelegate.h */ = {isa = PBXFileReference; lastKnownFileType = sourcecode.c.h; path = AppDelegate.h; sourceTree = "<group>"; };
		43154E0E21324B76002F56C2 /* AppDelegate.m */ = {isa = PBXFileReference; lastKnownFileType = sourcecode.c.objc; path = AppDelegate.m; sourceTree = "<group>"; };
		43154E1021324B76002F56C2 /* ViewController.h */ = {isa = PBXFileReference; lastKnownFileType = sourcecode.c.h; path = ViewController.h; sourceTree = "<group>"; };
		43154E1121324B76002F56C2 /* ViewController.m */ = {isa = PBXFileReference; lastKnownFileType = sourcecode.c.objc; path = ViewController.m; sourceTree = "<group>"; };
		43154E1421324B76002F56C2 /* Base */ = {isa = PBXFileReference; lastKnownFileType = file.storyboard; name = Base; path = Base.lproj/Main.storyboard; sourceTree = "<group>"; };
		43154E1621324B76002F56C2 /* Assets.xcassets */ = {isa = PBXFileReference; lastKnownFileType = folder.assetcatalog; path = Assets.xcassets; sourceTree = "<group>"; };
		43154E1921324B76002F56C2 /* Base */ = {isa = PBXFileReference; lastKnownFileType = file.storyboard; name = Base; path = Base.lproj/LaunchScreen.storyboard; sourceTree = "<group>"; };
		43154E1B21324B76002F56C2 /* Info.plist */ = {isa = PBXFileReference; lastKnownFileType = text.plist.xml; path = Info.plist; sourceTree = "<group>"; };
		43154E1C21324B76002F56C2 /* main.m */ = {isa = PBXFileReference; lastKnownFileType = sourcecode.c.objc; path = main.m; sourceTree = "<group>"; };
		43154E3621324C3B002F56C2 /* TTNewsViewController.h */ = {isa = PBXFileReference; lastKnownFileType = sourcecode.c.h; path = TTNewsViewController.h; sourceTree = "<group>"; };
		43154E3721324C3B002F56C2 /* TTNewsViewController.m */ = {isa = PBXFileReference; lastKnownFileType = sourcecode.c.objc; path = TTNewsViewController.m; sourceTree = "<group>"; };
		43FC5CD1213269E400709C20 /* TTNewsSDKPrefixHeader.pch */ = {isa = PBXFileReference; lastKnownFileType = sourcecode.c.h; path = TTNewsSDKPrefixHeader.pch; sourceTree = "<group>"; };
		43FC5CD321326BE300709C20 /* UIColor+Hex.m */ = {isa = PBXFileReference; lastKnownFileType = sourcecode.c.objc; path = "UIColor+Hex.m"; sourceTree = "<group>"; };
		43FC5CD421326BE300709C20 /* UIColor+Hex.h */ = {isa = PBXFileReference; lastKnownFileType = sourcecode.c.h; path = "UIColor+Hex.h"; sourceTree = "<group>"; };
		43FC5CD521326BF200709C20 /* UIView+Extension.h */ = {isa = PBXFileReference; lastKnownFileType = sourcecode.c.h; path = "UIView+Extension.h"; sourceTree = "<group>"; };
		43FC5CD621326BF200709C20 /* UIView+Extension.m */ = {isa = PBXFileReference; lastKnownFileType = sourcecode.c.objc; path = "UIView+Extension.m"; sourceTree = "<group>"; };
		43FC5CE521327C0D00709C20 /* TTParseParameters.h */ = {isa = PBXFileReference; lastKnownFileType = sourcecode.c.h; path = TTParseParameters.h; sourceTree = "<group>"; };
		43FC5CE621327C0D00709C20 /* TTNetManager.h */ = {isa = PBXFileReference; lastKnownFileType = sourcecode.c.h; path = TTNetManager.h; sourceTree = "<group>"; };
		43FC5CE721327C0D00709C20 /* TTNetManager.m */ = {isa = PBXFileReference; lastKnownFileType = sourcecode.c.objc; path = TTNetManager.m; sourceTree = "<group>"; };
		43FC5CE821327C0D00709C20 /* TTParseParameters.m */ = {isa = PBXFileReference; lastKnownFileType = sourcecode.c.objc; path = TTParseParameters.m; sourceTree = "<group>"; };
		43FC5CE921327C0D00709C20 /* TTNetParameterHeader.h */ = {isa = PBXFileReference; lastKnownFileType = sourcecode.c.h; path = TTNetParameterHeader.h; sourceTree = "<group>"; };
		43FC5CEF213282D100709C20 /* TTCategory.h */ = {isa = PBXFileReference; lastKnownFileType = sourcecode.c.h; path = TTCategory.h; sourceTree = "<group>"; };
		43FC5CF0213282D100709C20 /* TTCategory.m */ = {isa = PBXFileReference; lastKnownFileType = sourcecode.c.objc; path = TTCategory.m; sourceTree = "<group>"; };
		519C45F8ECCC527D93579558 /* Pods_TTNewsSDK.framework */ = {isa = PBXFileReference; explicitFileType = wrapper.framework; includeInIndex = 0; path = Pods_TTNewsSDK.framework; sourceTree = BUILT_PRODUCTS_DIR; };
		71BAB358B1A533F08DFE05C6 /* Pods-TTNewsSDK.release.xcconfig */ = {isa = PBXFileReference; includeInIndex = 1; lastKnownFileType = text.xcconfig; name = "Pods-TTNewsSDK.release.xcconfig"; path = "Pods/Target Support Files/Pods-TTNewsSDK/Pods-TTNewsSDK.release.xcconfig"; sourceTree = "<group>"; };
		796120DED0F5D36CD78AC9F7 /* Pods-NewsDemo.debug.xcconfig */ = {isa = PBXFileReference; includeInIndex = 1; lastKnownFileType = text.xcconfig; name = "Pods-NewsDemo.debug.xcconfig"; path = "Pods/Target Support Files/Pods-NewsDemo/Pods-NewsDemo.debug.xcconfig"; sourceTree = "<group>"; };
		7DD4A3D562C11A3AB59429CC /* Pods_NewsDemo.framework */ = {isa = PBXFileReference; explicitFileType = wrapper.framework; includeInIndex = 0; path = Pods_NewsDemo.framework; sourceTree = BUILT_PRODUCTS_DIR; };
		F96351C33600CEF706589CBB /* Pods-TTNewsSDK.debug.xcconfig */ = {isa = PBXFileReference; includeInIndex = 1; lastKnownFileType = text.xcconfig; name = "Pods-TTNewsSDK.debug.xcconfig"; path = "Pods/Target Support Files/Pods-TTNewsSDK/Pods-TTNewsSDK.debug.xcconfig"; sourceTree = "<group>"; };
/* End PBXFileReference section */

/* Begin PBXFrameworksBuildPhase section */
		43154DDE213249B5002F56C2 /* Frameworks */ = {
			isa = PBXFrameworksBuildPhase;
			buildActionMask = 2147483647;
			files = (
				D71A3988A80D745FAFCBF1CB /* Pods_TTNewsSDK.framework in Frameworks */,
			);
			runOnlyForDeploymentPostprocessing = 0;
		};
		43154E0821324B76002F56C2 /* Frameworks */ = {
			isa = PBXFrameworksBuildPhase;
			buildActionMask = 2147483647;
			files = (
				43154E4021324DDC002F56C2 /* TTNewsSDK.framework in Frameworks */,
				5C7446EA242A5647B12E0329 /* Pods_NewsDemo.framework in Frameworks */,
			);
			runOnlyForDeploymentPostprocessing = 0;
		};
/* End PBXFrameworksBuildPhase section */

/* Begin PBXGroup section */
		11C91D42EDECE4668CC584CE /* Pods */ = {
			isa = PBXGroup;
			children = (
				796120DED0F5D36CD78AC9F7 /* Pods-NewsDemo.debug.xcconfig */,
				24128622EA40F40C054ACA5D /* Pods-NewsDemo.release.xcconfig */,
				F96351C33600CEF706589CBB /* Pods-TTNewsSDK.debug.xcconfig */,
				71BAB358B1A533F08DFE05C6 /* Pods-TTNewsSDK.release.xcconfig */,
			);
			name = Pods;
			sourceTree = "<group>";
		};
		43154DD8213249B5002F56C2 = {
			isa = PBXGroup;
			children = (
				43154E0C21324B76002F56C2 /* NewsDemo */,
				43154DE4213249B5002F56C2 /* TTNewsSDK */,
				43154DE3213249B5002F56C2 /* Products */,
				43154E3E21324DB3002F56C2 /* Frameworks */,
				11C91D42EDECE4668CC584CE /* Pods */,
			);
			sourceTree = "<group>";
		};
		43154DE3213249B5002F56C2 /* Products */ = {
			isa = PBXGroup;
			children = (
				43154DE2213249B5002F56C2 /* TTNewsSDK.framework */,
				43154E0B21324B76002F56C2 /* NewsDemo.app */,
			);
			name = Products;
			sourceTree = "<group>";
		};
		43154DE4213249B5002F56C2 /* TTNewsSDK */ = {
			isa = PBXGroup;
			children = (
				43154E2121324BB0002F56C2 /* Classes */,
				43154DE5213249B5002F56C2 /* TTNewsSDK.h */,
				43FC5CD1213269E400709C20 /* TTNewsSDKPrefixHeader.pch */,
				43154DE6213249B5002F56C2 /* Info.plist */,
			);
			path = TTNewsSDK;
			sourceTree = "<group>";
		};
		43154E0C21324B76002F56C2 /* NewsDemo */ = {
			isa = PBXGroup;
			children = (
				43154E0D21324B76002F56C2 /* AppDelegate.h */,
				43154E0E21324B76002F56C2 /* AppDelegate.m */,
				43154E1021324B76002F56C2 /* ViewController.h */,
				43154E1121324B76002F56C2 /* ViewController.m */,
				43154E1321324B76002F56C2 /* Main.storyboard */,
				43154E1621324B76002F56C2 /* Assets.xcassets */,
				43154E1821324B76002F56C2 /* LaunchScreen.storyboard */,
				43154E1B21324B76002F56C2 /* Info.plist */,
				43154E1C21324B76002F56C2 /* main.m */,
			);
			path = NewsDemo;
			sourceTree = "<group>";
		};
		43154E2121324BB0002F56C2 /* Classes */ = {
			isa = PBXGroup;
			children = (
				43154E3121324C21002F56C2 /* Main */,
				43154E2B21324BB0002F56C2 /* NewsList */,
				43154E2621324BB0002F56C2 /* Channel */,
				43154E2221324BB0002F56C2 /* Unitl */,
				43154E2321324BB0002F56C2 /* Tools */,
				43154E2421324BB0002F56C2 /* Extension */,
				43154E3021324BB0002F56C2 /* Share */,
			);
			path = Classes;
			sourceTree = "<group>";
		};
		43154E2221324BB0002F56C2 /* Unitl */ = {
			isa = PBXGroup;
			children = (
				43FC5CD521326BF200709C20 /* UIView+Extension.h */,
				43FC5CD621326BF200709C20 /* UIView+Extension.m */,
				43FC5CD421326BE300709C20 /* UIColor+Hex.h */,
				43FC5CD321326BE300709C20 /* UIColor+Hex.m */,
			);
			path = Unitl;
			sourceTree = "<group>";
		};
		43154E2321324BB0002F56C2 /* Tools */ = {
			isa = PBXGroup;
			children = (
				43FC5CE421327C0D00709C20 /* Network */,
			);
			path = Tools;
			sourceTree = "<group>";
		};
		43154E2421324BB0002F56C2 /* Extension */ = {
			isa = PBXGroup;
			children = (
			);
			path = Extension;
			sourceTree = "<group>";
		};
		43154E2621324BB0002F56C2 /* Channel */ = {
			isa = PBXGroup;
			children = (
				43154E2721324BB0002F56C2 /* ViewModel */,
				43154E2821324BB0002F56C2 /* Model */,
				43154E2921324BB0002F56C2 /* View */,
				43154E2A21324BB0002F56C2 /* ViewContrller */,
			);
			path = Channel;
			sourceTree = "<group>";
		};
		43154E2721324BB0002F56C2 /* ViewModel */ = {
			isa = PBXGroup;
			children = (
			);
			path = ViewModel;
			sourceTree = "<group>";
		};
		43154E2821324BB0002F56C2 /* Model */ = {
			isa = PBXGroup;
			children = (
				43FC5CEF213282D100709C20 /* TTCategory.h */,
				43FC5CF0213282D100709C20 /* TTCategory.m */,
			);
			path = Model;
			sourceTree = "<group>";
		};
		43154E2921324BB0002F56C2 /* View */ = {
			isa = PBXGroup;
			children = (
			);
			path = View;
			sourceTree = "<group>";
		};
		43154E2A21324BB0002F56C2 /* ViewContrller */ = {
			isa = PBXGroup;
			children = (
			);
			path = ViewContrller;
			sourceTree = "<group>";
		};
		43154E2B21324BB0002F56C2 /* NewsList */ = {
			isa = PBXGroup;
			children = (
				43154E2C21324BB0002F56C2 /* ViewModel */,
				43154E2D21324BB0002F56C2 /* Model */,
				43154E2E21324BB0002F56C2 /* View */,
				43154E2F21324BB0002F56C2 /* ViewContrller */,
			);
			path = NewsList;
			sourceTree = "<group>";
		};
		43154E2C21324BB0002F56C2 /* ViewModel */ = {
			isa = PBXGroup;
			children = (
			);
			path = ViewModel;
			sourceTree = "<group>";
		};
		43154E2D21324BB0002F56C2 /* Model */ = {
			isa = PBXGroup;
			children = (
			);
			path = Model;
			sourceTree = "<group>";
		};
		43154E2E21324BB0002F56C2 /* View */ = {
			isa = PBXGroup;
			children = (
			);
			path = View;
			sourceTree = "<group>";
		};
		43154E2F21324BB0002F56C2 /* ViewContrller */ = {
			isa = PBXGroup;
			children = (
			);
			path = ViewContrller;
			sourceTree = "<group>";
		};
		43154E3021324BB0002F56C2 /* Share */ = {
			isa = PBXGroup;
			children = (
			);
			path = Share;
			sourceTree = "<group>";
		};
		43154E3121324C21002F56C2 /* Main */ = {
			isa = PBXGroup;
			children = (
				43154E3221324C21002F56C2 /* ViewModel */,
				43154E3321324C21002F56C2 /* Model */,
				43154E3421324C21002F56C2 /* View */,
				43154E3521324C21002F56C2 /* ViewController */,
			);
			path = Main;
			sourceTree = "<group>";
		};
		43154E3221324C21002F56C2 /* ViewModel */ = {
			isa = PBXGroup;
			children = (
			);
			path = ViewModel;
			sourceTree = "<group>";
		};
		43154E3321324C21002F56C2 /* Model */ = {
			isa = PBXGroup;
			children = (
			);
			path = Model;
			sourceTree = "<group>";
		};
		43154E3421324C21002F56C2 /* View */ = {
			isa = PBXGroup;
			children = (
			);
			path = View;
			sourceTree = "<group>";
		};
		43154E3521324C21002F56C2 /* ViewController */ = {
			isa = PBXGroup;
			children = (
				43154E3621324C3B002F56C2 /* TTNewsViewController.h */,
				43154E3721324C3B002F56C2 /* TTNewsViewController.m */,
			);
			path = ViewController;
			sourceTree = "<group>";
		};
		43154E3E21324DB3002F56C2 /* Frameworks */ = {
			isa = PBXGroup;
			children = (
				7DD4A3D562C11A3AB59429CC /* Pods_NewsDemo.framework */,
				519C45F8ECCC527D93579558 /* Pods_TTNewsSDK.framework */,
			);
			name = Frameworks;
			sourceTree = "<group>";
		};
		43FC5CE421327C0D00709C20 /* Network */ = {
			isa = PBXGroup;
			children = (
				43FC5CE621327C0D00709C20 /* TTNetManager.h */,
				43FC5CE721327C0D00709C20 /* TTNetManager.m */,
				43FC5CE521327C0D00709C20 /* TTParseParameters.h */,
				43FC5CE821327C0D00709C20 /* TTParseParameters.m */,
				43FC5CE921327C0D00709C20 /* TTNetParameterHeader.h */,
			);
			path = Network;
			sourceTree = "<group>";
		};
/* End PBXGroup section */

/* Begin PBXHeadersBuildPhase section */
		43154DDF213249B5002F56C2 /* Headers */ = {
			isa = PBXHeadersBuildPhase;
			buildActionMask = 2147483647;
			files = (
				43FC5CEE2132817300709C20 /* TTNetParameterHeader.h in Headers */,
				43FC5CEC2132816D00709C20 /* TTParseParameters.h in Headers */,
				43154E3821324C3B002F56C2 /* TTNewsViewController.h in Headers */,
				43154DE7213249B5002F56C2 /* TTNewsSDK.h in Headers */,
				43FC5CF1213282D100709C20 /* TTCategory.h in Headers */,
				43FC5CEA2132816500709C20 /* TTNetManager.h in Headers */,
			);
			runOnlyForDeploymentPostprocessing = 0;
		};
/* End PBXHeadersBuildPhase section */

/* Begin PBXNativeTarget section */
		43154DE1213249B5002F56C2 /* TTNewsSDK */ = {
			isa = PBXNativeTarget;
			buildConfigurationList = 43154DEA213249B5002F56C2 /* Build configuration list for PBXNativeTarget "TTNewsSDK" */;
			buildPhases = (
				1676C69596D7599685E4713B /* [CP] Check Pods Manifest.lock */,
				43154DDD213249B5002F56C2 /* Sources */,
				43154DDE213249B5002F56C2 /* Frameworks */,
				43154DDF213249B5002F56C2 /* Headers */,
				43154DE0213249B5002F56C2 /* Resources */,
				8A15EAAE654C2E602436CDF0 /* [CP] Copy Pods Resources */,
			);
			buildRules = (
			);
			dependencies = (
			);
			name = TTNewsSDK;
			productName = TTNewsSDK;
			productReference = 43154DE2213249B5002F56C2 /* TTNewsSDK.framework */;
			productType = "com.apple.product-type.framework";
		};
		43154E0A21324B76002F56C2 /* NewsDemo */ = {
			isa = PBXNativeTarget;
			buildConfigurationList = 43154E1E21324B76002F56C2 /* Build configuration list for PBXNativeTarget "NewsDemo" */;
			buildPhases = (
				B53913A6B28D2C306EAC643B /* [CP] Check Pods Manifest.lock */,
				43154E0721324B76002F56C2 /* Sources */,
				43154E0821324B76002F56C2 /* Frameworks */,
				43154E0921324B76002F56C2 /* Resources */,
				269333CCEECAB90FD0EC7C71 /* [CP] Embed Pods Frameworks */,
				30683BE40B90E2010254A652 /* [CP] Copy Pods Resources */,
			);
			buildRules = (
			);
			dependencies = (
				43154E3C21324D94002F56C2 /* PBXTargetDependency */,
			);
			name = NewsDemo;
			productName = NewsDemo;
			productReference = 43154E0B21324B76002F56C2 /* NewsDemo.app */;
			productType = "com.apple.product-type.application";
		};
/* End PBXNativeTarget section */

/* Begin PBXProject section */
		43154DD9213249B5002F56C2 /* Project object */ = {
			isa = PBXProject;
			attributes = {
				CLASSPREFIX = TT;
				LastUpgradeCheck = 0900;
				ORGANIZATIONNAME = "梁志远";
				TargetAttributes = {
					43154DE1213249B5002F56C2 = {
						CreatedOnToolsVersion = 9.0;
						ProvisioningStyle = Automatic;
					};
					43154E0A21324B76002F56C2 = {
						CreatedOnToolsVersion = 9.0;
						ProvisioningStyle = Automatic;
					};
				};
			};
			buildConfigurationList = 43154DDC213249B5002F56C2 /* Build configuration list for PBXProject "TTNewsSDK" */;
			compatibilityVersion = "Xcode 8.0";
			developmentRegion = en;
			hasScannedForEncodings = 0;
			knownRegions = (
				en,
				Base,
			);
			mainGroup = 43154DD8213249B5002F56C2;
			productRefGroup = 43154DE3213249B5002F56C2 /* Products */;
			projectDirPath = "";
			projectRoot = "";
			targets = (
				43154DE1213249B5002F56C2 /* TTNewsSDK */,
				43154E0A21324B76002F56C2 /* NewsDemo */,
			);
		};
/* End PBXProject section */

/* Begin PBXResourcesBuildPhase section */
		43154DE0213249B5002F56C2 /* Resources */ = {
			isa = PBXResourcesBuildPhase;
			buildActionMask = 2147483647;
			files = (
			);
			runOnlyForDeploymentPostprocessing = 0;
		};
		43154E0921324B76002F56C2 /* Resources */ = {
			isa = PBXResourcesBuildPhase;
			buildActionMask = 2147483647;
			files = (
				43154E1A21324B76002F56C2 /* LaunchScreen.storyboard in Resources */,
				43154E1721324B76002F56C2 /* Assets.xcassets in Resources */,
				43154E1521324B76002F56C2 /* Main.storyboard in Resources */,
			);
			runOnlyForDeploymentPostprocessing = 0;
		};
/* End PBXResourcesBuildPhase section */

/* Begin PBXShellScriptBuildPhase section */
		1676C69596D7599685E4713B /* [CP] Check Pods Manifest.lock */ = {
			isa = PBXShellScriptBuildPhase;
			buildActionMask = 2147483647;
			files = (
			);
			inputPaths = (
				"${PODS_PODFILE_DIR_PATH}/Podfile.lock",
				"${PODS_ROOT}/Manifest.lock",
			);
			name = "[CP] Check Pods Manifest.lock";
			outputPaths = (
				"$(DERIVED_FILE_DIR)/Pods-TTNewsSDK-checkManifestLockResult.txt",
			);
			runOnlyForDeploymentPostprocessing = 0;
			shellPath = /bin/sh;
			shellScript = "diff \"${PODS_PODFILE_DIR_PATH}/Podfile.lock\" \"${PODS_ROOT}/Manifest.lock\" > /dev/null\nif [ $? != 0 ] ; then\n    # print error to STDERR\n    echo \"error: The sandbox is not in sync with the Podfile.lock. Run 'pod install' or update your CocoaPods installation.\" >&2\n    exit 1\nfi\n# This output is used by Xcode 'outputs' to avoid re-running this script phase.\necho \"SUCCESS\" > \"${SCRIPT_OUTPUT_FILE_0}\"\n";
			showEnvVarsInLog = 0;
		};
		269333CCEECAB90FD0EC7C71 /* [CP] Embed Pods Frameworks */ = {
			isa = PBXShellScriptBuildPhase;
			buildActionMask = 2147483647;
			files = (
			);
			inputPaths = (
				"${SRCROOT}/Pods/Target Support Files/Pods-NewsDemo/Pods-NewsDemo-frameworks.sh",
				"${BUILT_PRODUCTS_DIR}/AFNetworking/AFNetworking.framework",
				"${BUILT_PRODUCTS_DIR}/YYImage/YYImage.framework",
				"${BUILT_PRODUCTS_DIR}/YYModel/YYModel.framework",
			);
			name = "[CP] Embed Pods Frameworks";
			outputPaths = (
				"${TARGET_BUILD_DIR}/${FRAMEWORKS_FOLDER_PATH}/AFNetworking.framework",
				"${TARGET_BUILD_DIR}/${FRAMEWORKS_FOLDER_PATH}/YYImage.framework",
				"${TARGET_BUILD_DIR}/${FRAMEWORKS_FOLDER_PATH}/YYModel.framework",
			);
			runOnlyForDeploymentPostprocessing = 0;
			shellPath = /bin/sh;
			shellScript = "\"${SRCROOT}/Pods/Target Support Files/Pods-NewsDemo/Pods-NewsDemo-frameworks.sh\"\n";
			showEnvVarsInLog = 0;
		};
		30683BE40B90E2010254A652 /* [CP] Copy Pods Resources */ = {
			isa = PBXShellScriptBuildPhase;
			buildActionMask = 2147483647;
			files = (
			);
			inputPaths = (
			);
			name = "[CP] Copy Pods Resources";
			outputPaths = (
			);
			runOnlyForDeploymentPostprocessing = 0;
			shellPath = /bin/sh;
			shellScript = "\"${SRCROOT}/Pods/Target Support Files/Pods-NewsDemo/Pods-NewsDemo-resources.sh\"\n";
			showEnvVarsInLog = 0;
		};
		8A15EAAE654C2E602436CDF0 /* [CP] Copy Pods Resources */ = {
			isa = PBXShellScriptBuildPhase;
			buildActionMask = 2147483647;
			files = (
			);
			inputPaths = (
			);
			name = "[CP] Copy Pods Resources";
			outputPaths = (
			);
			runOnlyForDeploymentPostprocessing = 0;
			shellPath = /bin/sh;
			shellScript = "\"${SRCROOT}/Pods/Target Support Files/Pods-TTNewsSDK/Pods-TTNewsSDK-resources.sh\"\n";
			showEnvVarsInLog = 0;
		};
		B53913A6B28D2C306EAC643B /* [CP] Check Pods Manifest.lock */ = {
			isa = PBXShellScriptBuildPhase;
			buildActionMask = 2147483647;
			files = (
			);
			inputPaths = (
				"${PODS_PODFILE_DIR_PATH}/Podfile.lock",
				"${PODS_ROOT}/Manifest.lock",
			);
			name = "[CP] Check Pods Manifest.lock";
			outputPaths = (
				"$(DERIVED_FILE_DIR)/Pods-NewsDemo-checkManifestLockResult.txt",
			);
			runOnlyForDeploymentPostprocessing = 0;
			shellPath = /bin/sh;
			shellScript = "diff \"${PODS_PODFILE_DIR_PATH}/Podfile.lock\" \"${PODS_ROOT}/Manifest.lock\" > /dev/null\nif [ $? != 0 ] ; then\n    # print error to STDERR\n    echo \"error: The sandbox is not in sync with the Podfile.lock. Run 'pod install' or update your CocoaPods installation.\" >&2\n    exit 1\nfi\n# This output is used by Xcode 'outputs' to avoid re-running this script phase.\necho \"SUCCESS\" > \"${SCRIPT_OUTPUT_FILE_0}\"\n";
			showEnvVarsInLog = 0;
		};
/* End PBXShellScriptBuildPhase section */

/* Begin PBXSourcesBuildPhase section */
		43154DDD213249B5002F56C2 /* Sources */ = {
			isa = PBXSourcesBuildPhase;
			buildActionMask = 2147483647;
			files = (
				43154E3921324C3B002F56C2 /* TTNewsViewController.m in Sources */,
				43FC5CF2213282D100709C20 /* TTCategory.m in Sources */,
				43FC5CED2132817000709C20 /* TTParseParameters.m in Sources */,
				43FC5CEB2132816900709C20 /* TTNetManager.m in Sources */,
			);
			runOnlyForDeploymentPostprocessing = 0;
		};
		43154E0721324B76002F56C2 /* Sources */ = {
			isa = PBXSourcesBuildPhase;
			buildActionMask = 2147483647;
			files = (
				43154E1221324B76002F56C2 /* ViewController.m in Sources */,
				43154E1D21324B76002F56C2 /* main.m in Sources */,
				43154E0F21324B76002F56C2 /* AppDelegate.m in Sources */,
			);
			runOnlyForDeploymentPostprocessing = 0;
		};
/* End PBXSourcesBuildPhase section */

/* Begin PBXTargetDependency section */
		43154E3C21324D94002F56C2 /* PBXTargetDependency */ = {
			isa = PBXTargetDependency;
			target = 43154DE1213249B5002F56C2 /* TTNewsSDK */;
			targetProxy = 43154E3B21324D94002F56C2 /* PBXContainerItemProxy */;
		};
/* End PBXTargetDependency section */

/* Begin PBXVariantGroup section */
		43154E1321324B76002F56C2 /* Main.storyboard */ = {
			isa = PBXVariantGroup;
			children = (
				43154E1421324B76002F56C2 /* Base */,
			);
			name = Main.storyboard;
			sourceTree = "<group>";
		};
		43154E1821324B76002F56C2 /* LaunchScreen.storyboard */ = {
			isa = PBXVariantGroup;
			children = (
				43154E1921324B76002F56C2 /* Base */,
			);
			name = LaunchScreen.storyboard;
			sourceTree = "<group>";
		};
/* End PBXVariantGroup section */

/* Begin XCBuildConfiguration section */
		43154DE8213249B5002F56C2 /* Debug */ = {
			isa = XCBuildConfiguration;
			buildSettings = {
				ALWAYS_SEARCH_USER_PATHS = NO;
				CLANG_ANALYZER_NONNULL = YES;
				CLANG_ANALYZER_NUMBER_OBJECT_CONVERSION = YES_AGGRESSIVE;
				CLANG_CXX_LANGUAGE_STANDARD = "gnu++14";
				CLANG_CXX_LIBRARY = "libc++";
				CLANG_ENABLE_MODULES = YES;
				CLANG_ENABLE_OBJC_ARC = YES;
				CLANG_WARN_BLOCK_CAPTURE_AUTORELEASING = YES;
				CLANG_WARN_BOOL_CONVERSION = YES;
				CLANG_WARN_COMMA = YES;
				CLANG_WARN_CONSTANT_CONVERSION = YES;
				CLANG_WARN_DIRECT_OBJC_ISA_USAGE = YES_ERROR;
				CLANG_WARN_DOCUMENTATION_COMMENTS = YES;
				CLANG_WARN_EMPTY_BODY = YES;
				CLANG_WARN_ENUM_CONVERSION = YES;
				CLANG_WARN_INFINITE_RECURSION = YES;
				CLANG_WARN_INT_CONVERSION = YES;
				CLANG_WARN_NON_LITERAL_NULL_CONVERSION = YES;
				CLANG_WARN_OBJC_LITERAL_CONVERSION = YES;
				CLANG_WARN_OBJC_ROOT_CLASS = YES_ERROR;
				CLANG_WARN_RANGE_LOOP_ANALYSIS = YES;
				CLANG_WARN_STRICT_PROTOTYPES = YES;
				CLANG_WARN_SUSPICIOUS_MOVE = YES;
				CLANG_WARN_UNGUARDED_AVAILABILITY = YES_AGGRESSIVE;
				CLANG_WARN_UNREACHABLE_CODE = YES;
				CLANG_WARN__DUPLICATE_METHOD_MATCH = YES;
				CODE_SIGN_IDENTITY = "iPhone Developer";
				COPY_PHASE_STRIP = NO;
				CURRENT_PROJECT_VERSION = 1;
				DEBUG_INFORMATION_FORMAT = dwarf;
				ENABLE_STRICT_OBJC_MSGSEND = YES;
				ENABLE_TESTABILITY = YES;
				GCC_C_LANGUAGE_STANDARD = gnu11;
				GCC_DYNAMIC_NO_PIC = NO;
				GCC_NO_COMMON_BLOCKS = YES;
				GCC_OPTIMIZATION_LEVEL = 0;
				GCC_PREPROCESSOR_DEFINITIONS = (
					"DEBUG=1",
					"$(inherited)",
				);
				GCC_WARN_64_TO_32_BIT_CONVERSION = YES;
				GCC_WARN_ABOUT_RETURN_TYPE = YES_ERROR;
				GCC_WARN_UNDECLARED_SELECTOR = YES;
				GCC_WARN_UNINITIALIZED_AUTOS = YES_AGGRESSIVE;
				GCC_WARN_UNUSED_FUNCTION = YES;
				GCC_WARN_UNUSED_VARIABLE = YES;
				IPHONEOS_DEPLOYMENT_TARGET = 11.0;
				MTL_ENABLE_DEBUG_INFO = YES;
				ONLY_ACTIVE_ARCH = YES;
				SDKROOT = iphoneos;
				VERSIONING_SYSTEM = "apple-generic";
				VERSION_INFO_PREFIX = "";
			};
			name = Debug;
		};
		43154DE9213249B5002F56C2 /* Release */ = {
			isa = XCBuildConfiguration;
			buildSettings = {
				ALWAYS_SEARCH_USER_PATHS = NO;
				CLANG_ANALYZER_NONNULL = YES;
				CLANG_ANALYZER_NUMBER_OBJECT_CONVERSION = YES_AGGRESSIVE;
				CLANG_CXX_LANGUAGE_STANDARD = "gnu++14";
				CLANG_CXX_LIBRARY = "libc++";
				CLANG_ENABLE_MODULES = YES;
				CLANG_ENABLE_OBJC_ARC = YES;
				CLANG_WARN_BLOCK_CAPTURE_AUTORELEASING = YES;
				CLANG_WARN_BOOL_CONVERSION = YES;
				CLANG_WARN_COMMA = YES;
				CLANG_WARN_CONSTANT_CONVERSION = YES;
				CLANG_WARN_DIRECT_OBJC_ISA_USAGE = YES_ERROR;
				CLANG_WARN_DOCUMENTATION_COMMENTS = YES;
				CLANG_WARN_EMPTY_BODY = YES;
				CLANG_WARN_ENUM_CONVERSION = YES;
				CLANG_WARN_INFINITE_RECURSION = YES;
				CLANG_WARN_INT_CONVERSION = YES;
				CLANG_WARN_NON_LITERAL_NULL_CONVERSION = YES;
				CLANG_WARN_OBJC_LITERAL_CONVERSION = YES;
				CLANG_WARN_OBJC_ROOT_CLASS = YES_ERROR;
				CLANG_WARN_RANGE_LOOP_ANALYSIS = YES;
				CLANG_WARN_STRICT_PROTOTYPES = YES;
				CLANG_WARN_SUSPICIOUS_MOVE = YES;
				CLANG_WARN_UNGUARDED_AVAILABILITY = YES_AGGRESSIVE;
				CLANG_WARN_UNREACHABLE_CODE = YES;
				CLANG_WARN__DUPLICATE_METHOD_MATCH = YES;
				CODE_SIGN_IDENTITY = "iPhone Developer";
				COPY_PHASE_STRIP = NO;
				CURRENT_PROJECT_VERSION = 1;
				DEBUG_INFORMATION_FORMAT = "dwarf-with-dsym";
				ENABLE_NS_ASSERTIONS = NO;
				ENABLE_STRICT_OBJC_MSGSEND = YES;
				GCC_C_LANGUAGE_STANDARD = gnu11;
				GCC_NO_COMMON_BLOCKS = YES;
				GCC_WARN_64_TO_32_BIT_CONVERSION = YES;
				GCC_WARN_ABOUT_RETURN_TYPE = YES_ERROR;
				GCC_WARN_UNDECLARED_SELECTOR = YES;
				GCC_WARN_UNINITIALIZED_AUTOS = YES_AGGRESSIVE;
				GCC_WARN_UNUSED_FUNCTION = YES;
				GCC_WARN_UNUSED_VARIABLE = YES;
				IPHONEOS_DEPLOYMENT_TARGET = 11.0;
				MTL_ENABLE_DEBUG_INFO = NO;
				SDKROOT = iphoneos;
				VALIDATE_PRODUCT = YES;
				VERSIONING_SYSTEM = "apple-generic";
				VERSION_INFO_PREFIX = "";
			};
			name = Release;
		};
		43154DEB213249B5002F56C2 /* Debug */ = {
			isa = XCBuildConfiguration;
			baseConfigurationReference = F96351C33600CEF706589CBB /* Pods-TTNewsSDK.debug.xcconfig */;
			buildSettings = {
				CODE_SIGN_IDENTITY = "";
				CODE_SIGN_STYLE = Automatic;
				DEFINES_MODULE = YES;
				DYLIB_COMPATIBILITY_VERSION = 1;
				DYLIB_CURRENT_VERSION = 1;
				DYLIB_INSTALL_NAME_BASE = "@rpath";
				GCC_PRECOMPILE_PREFIX_HEADER = YES;
				GCC_PREFIX_HEADER = /Users/liangzhiyuan/TTNews/TTNewsSDK/TTNewsSDK/TTNewsSDKPrefixHeader.pch;
				INFOPLIST_FILE = TTNewsSDK/Info.plist;
				INSTALL_PATH = "$(LOCAL_LIBRARY_DIR)/Frameworks";
				LD_RUNPATH_SEARCH_PATHS = "$(inherited) @executable_path/Frameworks @loader_path/Frameworks";
				PRODUCT_BUNDLE_IDENTIFIER = com.lzy.TTNewsSDK;
				PRODUCT_NAME = "$(TARGET_NAME:c99extidentifier)";
				SKIP_INSTALL = YES;
				TARGETED_DEVICE_FAMILY = "1,2";
			};
			name = Debug;
		};
		43154DEC213249B5002F56C2 /* Release */ = {
			isa = XCBuildConfiguration;
			baseConfigurationReference = 71BAB358B1A533F08DFE05C6 /* Pods-TTNewsSDK.release.xcconfig */;
			buildSettings = {
				CODE_SIGN_IDENTITY = "";
				CODE_SIGN_STYLE = Automatic;
				DEFINES_MODULE = YES;
				DYLIB_COMPATIBILITY_VERSION = 1;
				DYLIB_CURRENT_VERSION = 1;
				DYLIB_INSTALL_NAME_BASE = "@rpath";
				GCC_PRECOMPILE_PREFIX_HEADER = YES;
				GCC_PREFIX_HEADER = /Users/liangzhiyuan/TTNews/TTNewsSDK/TTNewsSDK/TTNewsSDKPrefixHeader.pch;
				INFOPLIST_FILE = TTNewsSDK/Info.plist;
				INSTALL_PATH = "$(LOCAL_LIBRARY_DIR)/Frameworks";
				LD_RUNPATH_SEARCH_PATHS = "$(inherited) @executable_path/Frameworks @loader_path/Frameworks";
				PRODUCT_BUNDLE_IDENTIFIER = com.lzy.TTNewsSDK;
				PRODUCT_NAME = "$(TARGET_NAME:c99extidentifier)";
				SKIP_INSTALL = YES;
				TARGETED_DEVICE_FAMILY = "1,2";
			};
			name = Release;
		};
		43154E1F21324B76002F56C2 /* Debug */ = {
			isa = XCBuildConfiguration;
			baseConfigurationReference = 796120DED0F5D36CD78AC9F7 /* Pods-NewsDemo.debug.xcconfig */;
			buildSettings = {
				ASSETCATALOG_COMPILER_APPICON_NAME = AppIcon;
				CODE_SIGN_STYLE = Automatic;
				INFOPLIST_FILE = NewsDemo/Info.plist;
				LD_RUNPATH_SEARCH_PATHS = "$(inherited) @executable_path/Frameworks";
				PRODUCT_BUNDLE_IDENTIFIER = com.lzy.NewsDemo;
				PRODUCT_NAME = "$(TARGET_NAME)";
				TARGETED_DEVICE_FAMILY = "1,2";
			};
			name = Debug;
		};
		43154E2021324B76002F56C2 /* Release */ = {
			isa = XCBuildConfiguration;
			baseConfigurationReference = 24128622EA40F40C054ACA5D /* Pods-NewsDemo.release.xcconfig */;
			buildSettings = {
				ASSETCATALOG_COMPILER_APPICON_NAME = AppIcon;
				CODE_SIGN_STYLE = Automatic;
				INFOPLIST_FILE = NewsDemo/Info.plist;
				LD_RUNPATH_SEARCH_PATHS = "$(inherited) @executable_path/Frameworks";
				PRODUCT_BUNDLE_IDENTIFIER = com.lzy.NewsDemo;
				PRODUCT_NAME = "$(TARGET_NAME)";
				TARGETED_DEVICE_FAMILY = "1,2";
			};
			name = Release;
		};
/* End XCBuildConfiguration section */

/* Begin XCConfigurationList section */
		43154DDC213249B5002F56C2 /* Build configuration list for PBXProject "TTNewsSDK" */ = {
			isa = XCConfigurationList;
			buildConfigurations = (
				43154DE8213249B5002F56C2 /* Debug */,
				43154DE9213249B5002F56C2 /* Release */,
			);
			defaultConfigurationIsVisible = 0;
			defaultConfigurationName = Release;
		};
		43154DEA213249B5002F56C2 /* Build configuration list for PBXNativeTarget "TTNewsSDK" */ = {
			isa = XCConfigurationList;
			buildConfigurations = (
				43154DEB213249B5002F56C2 /* Debug */,
				43154DEC213249B5002F56C2 /* Release */,
			);
			defaultConfigurationIsVisible = 0;
			defaultConfigurationName = Release;
		};
		43154E1E21324B76002F56C2 /* Build configuration list for PBXNativeTarget "NewsDemo" */ = {
			isa = XCConfigurationList;
			buildConfigurations = (
				43154E1F21324B76002F56C2 /* Debug */,
				43154E2021324B76002F56C2 /* Release */,
			);
			defaultConfigurationIsVisible = 0;
			defaultConfigurationName = Release;
		};
/* End XCConfigurationList section */
	};
	rootObject = 43154DD9213249B5002F56C2 /* Project object */;
}
